{
  "version": 4,
  "terraform_version": "1.14.6",
  "serial": 201,
  "lineage": "34173b92-5d1d-4a88-386c-829bf96b13f8",
  "outputs": {
    "argocd_admin_password": {
      "value": "not-yet-available",
      "type": "string",
      "sensitive": true
    },
    "argocd_admin_username": {
      "value": "admin",
      "type": "string"
    },
    "argocd_password_reveal_command": {
      "value": "# 방법 1: Terraform output (권장)\nterraform output -raw argocd_admin_password\n\n# 방법 2: kubectl\nkubectl -n argocd get secret argocd-initial-admin-secret \\\n  -o jsonpath='{.data.password}' | base64 -d \u0026\u0026 echo\n",
      "type": "string"
    },
    "cluster_endpoint": {
      "value": "134.185.115.13:6443",
      "type": "string"
    },
    "cluster_id": {
      "value": "ocid1.cluster.oc1.ap-chuncheon-1.aaaaaaaaal2e3ugpseenn6yctimobsh7shafjqa3sli4mnyu6cn3bl7l4sbq",
      "type": "string"
    },
    "grafana_admin_password": {
      "value": "admin",
      "type": "string",
      "sensitive": true
    },
    "kubeconfig_command": {
      "value": "oci ce cluster create-kubeconfig --cluster-id ocid1.cluster.oc1.ap-chuncheon-1.aaaaaaaaal2e3ugpseenn6yctimobsh7shafjqa3sli4mnyu6cn3bl7l4sbq --region ap-chuncheon-1 --token-version 2.0.0 --kube-endpoint PRIVATE_ENDPOINT --file ~/.kube/config --merge",
      "type": "string"
    },
    "kubectl_context": {
      "value": "context-ocid1.cluster.oc1.ap-chuncheon-1.aaaaaaaaal2e3ugpseenn6yctimobsh7shafjqa3sli4mnyu6cn3bl7l4sbq",
      "type": "string"
    },
    "nginx_ingress_lb_command": {
      "value": "kubectl -n ingress-nginx get svc ingress-nginx-controller -o jsonpath='{.status.loadBalancer.ingress[0].ip}'",
      "type": "string"
    },
    "prometheus_port_forward_command": {
      "value": "kubectl -n monitoring port-forward svc/kube-prometheus-stack-prometheus 9090:9090",
      "type": "string"
    },
    "region": {
      "value": "ap-chuncheon-1",
      "type": "string"
    },
    "subnet_ids": {
      "value": {
        "api": "ocid1.subnet.oc1.ap-chuncheon-1.aaaaaaaap47wqnmmryp3txjbbsr3afzj7f63utyhe3dl6wbg4u2ziymlttca",
        "lb": "ocid1.subnet.oc1.ap-chuncheon-1.aaaaaaaargdtemzcns2ugvt3yem5ukdyrqd3dykjezwuf44i5te7l73sy6aa",
        "workers": "ocid1.subnet.oc1.ap-chuncheon-1.aaaaaaaaarmeonxnjkw6tu52ab64emnmffionoieer62uior62vblosyttfa"
      },
      "type": [
        "object",
        {
          "api": "string",
          "lb": "string",
          "workers": "string"
        }
      ]
    },
    "vcn_id": {
      "value": "ocid1.vcn.oc1.ap-chuncheon-1.amaaaaaaaulogtya3x7sygdt3rsui7ujk4lg2dyteorg22ezdnd6zmg5vrbq",
      "type": "string"
    }
  },
  "resources": [
    {
      "module": "module.helm_addons",
      "mode": "data",
      "type": "kubernetes_secret_v1",
      "name": "argocd_initial_password",
      "provider": "provider[\"registry.terraform.io/hashicorp/kubernetes\"]",
      "instances": [
        {
          "schema_version": 0,
          "attributes": {
            "binary_data": null,
            "data": {
              "password": "0hRkDb7G9goiNjIw"
            },
            "id": "argocd/argocd-initial-admin-secret",
            "immutable": false,
            "metadata": [
              {
                "annotations": {},
                "generate_name": "",
                "generation": 0,
                "labels": {},
                "name": "argocd-initial-admin-secret",
                "namespace": "argocd",
                "resource_version": "204161",
                "uid": "e182534a-50b1-4b33-8f86-95c07f9124db"
              }
            ],
            "type": "Opaque"
          },
          "sensitive_attributes": [
            [
              {
                "type": "get_attr",
                "value": "binary_data"
              }
            ],
            [
              {
                "type": "get_attr",
                "value": "data"
              }
            ]
          ],
          "identity_schema_version": 0
        }
      ]
    },
    {
      "module": "module.helm_addons",
      "mode": "managed",
      "type": "helm_release",
      "name": "argocd",
      "provider": "provider[\"registry.terraform.io/hashicorp/helm\"]",
      "instances": [
        {
          "schema_version": 2,
          "attributes": {
            "atomic": true,
            "chart": "argo-cd",
            "cleanup_on_fail": false,
            "create_namespace": true,
            "dependency_update": false,
            "description": null,
            "devel": null,
            "disable_crd_hooks": false,
            "disable_openapi_validation": false,
            "disable_webhooks": false,
            "force_update": false,
            "id": "argocd",
            "keyring": null,
            "lint": false,
            "manifest": null,
            "max_history": 0,
            "metadata": {
              "app_version": "v2.10.4",
              "chart": "argo-cd",
              "first_deployed": 1776297335,
              "last_deployed": 1776525383,
              "name": "argocd",
              "namespace": "argocd",
              "notes": "In order to access the server UI you have the following options:\n\n1. kubectl port-forward service/argocd-server -n argocd 8080:443\n\n    and then open the browser on http://localhost:8080 and accept the certificate\n\n2. enable ingress in the values file `server.ingress.enabled` and either\n      - Add the annotation for ssl passthrough: https://argo-cd.readthedocs.io/en/stable/operator-manual/ingress/#option-1-ssl-passthrough\n      - Set the `configs.params.\"server.insecure\"` in the values file and terminate SSL at your ingress: https://argo-cd.readthedocs.io/en/stable/operator-manual/ingress/#option-2-multiple-ingress-objects-and-hosts\n\n\nAfter reaching the UI the first time you can login with username: admin and the random password generated during the installation. You can find the password by running:\n\nkubectl -n argocd get secret argocd-initial-admin-secret -o jsonpath=\"{.data.password}\" | base64 -d\n\n(You should delete the initial secret afterwards as suggested by the Getting Started Guide: https://argo-cd.readthedocs.io/en/stable/getting_started/#4-login-using-the-cli)\n",
              "revision": 5,
              "values": "{\"applicationSet\":{\"resources\":{\"limits\":{\"cpu\":\"200m\",\"memory\":\"256Mi\"},\"requests\":{\"cpu\":\"50m\",\"memory\":\"128Mi\"}}},\"configs\":{\"params\":{\"server.insecure\":true,\"server.rootpath\":\"/argocd\"},\"secret\":{\"argocdServerAdminPassword\":\"$2b$10$DateHlMNoULFg./Bm4fpeuQngL0d7Vwt.xfnnnh1yUnxv7bMVdfsa\",\"argocdServerAdminPasswordMtime\":\"2025-01-01T00:00:00Z\"}},\"global\":{\"nodeSelector\":{}},\"redis\":{\"resources\":{\"limits\":{\"cpu\":\"200m\",\"memory\":\"128Mi\"},\"requests\":{\"cpu\":\"50m\",\"memory\":\"64Mi\"}}},\"repoServer\":{\"resources\":{\"limits\":{\"cpu\":\"500m\",\"memory\":\"512Mi\"},\"requests\":{\"cpu\":\"100m\",\"memory\":\"256Mi\"}}},\"server\":{\"ingress\":{\"enabled\":false},\"service\":{\"type\":\"ClusterIP\"}}}",
              "version": "6.7.3"
            },
            "name": "argocd",
            "namespace": "argocd",
            "pass_credentials": false,
            "postrender": null,
            "recreate_pods": false,
            "render_subchart_notes": true,
            "replace": false,
            "repository": "https://argoproj.github.io/argo-helm",
            "repository_ca_file": null,
            "repository_cert_file": null,
            "repository_key_file": null,
            "repository_password": null,
            "repository_username": null,
            "reset_values": false,
            "resources": null,
            "reuse_values": false,
            "set": null,
            "set_list": null,
            "set_sensitive": null,
            "set_wo": null,
            "set_wo_revision": null,
            "skip_crds": false,
            "status": "deployed",
            "take_ownership": false,
            "timeout": 600,
            "timeouts": null,
            "upgrade_install": false,
            "values": [
              "\"applicationSet\":\n  \"resources\":\n    \"limits\":\n      \"cpu\": \"200m\"\n      \"memory\": \"256Mi\"\n    \"requests\":\n      \"cpu\": \"50m\"\n      \"memory\": \"128Mi\"\n\"configs\":\n  \"params\":\n    \"server.insecure\": true\n    \"server.rootpath\": \"/argocd\"\n  \"secret\":\n    \"argocdServerAdminPassword\": \"$2b$10$DateHlMNoULFg./Bm4fpeuQngL0d7Vwt.xfnnnh1yUnxv7bMVdfsa\"\n    \"argocdServerAdminPasswordMtime\": \"2025-01-01T00:00:00Z\"\n\"global\":\n  \"nodeSelector\": {}\n\"redis\":\n  \"resources\":\n    \"limits\":\n      \"cpu\": \"200m\"\n      \"memory\": \"128Mi\"\n    \"requests\":\n      \"cpu\": \"50m\"\n      \"memory\": \"64Mi\"\n\"repoServer\":\n  \"resources\":\n    \"limits\":\n      \"cpu\": \"500m\"\n      \"memory\": \"512Mi\"\n    \"requests\":\n      \"cpu\": \"100m\"\n      \"memory\": \"256Mi\"\n\"server\":\n  \"ingress\":\n    \"enabled\": false\n  \"service\":\n    \"type\": \"ClusterIP\"\n"
            ],
            "verify": false,
            "version": "6.7.3",
            "wait": true,
            "wait_for_jobs": true
          },
          "sensitive_attributes": [
            [
              {
                "type": "get_attr",
                "value": "repository_password"
              }
            ]
          ],
          "identity_schema_version": 0,
          "identity": {
            "namespace": "argocd",
            "release_name": "argocd"
          },
          "dependencies": [
            "module.helm_addons.helm_release.nginx_ingress",
            "module.helm_addons.kubernetes_namespace_v1.argocd",
            "module.helm_addons.kubernetes_namespace_v1.nginx_ingress",
            "module.network.data.oci_core_services.all",
            "module.network.oci_core_internet_gateway.main",
            "module.network.oci_core_nat_gateway.main",
            "module.network.oci_core_route_table.private",
            "module.network.oci_core_route_table.public",
            "module.network.oci_core_security_list.api",
            "module.network.oci_core_security_list.lb",
            "module.network.oci_core_security_list.workers",
            "module.network.oci_core_service_gateway.main",
            "module.network.oci_core_subnet.api",
            "module.network.oci_core_subnet.lb",
            "module.network.oci_core_subnet.workers",
            "module.network.oci_core_vcn.main",
            "module.oke.data.oci_containerengine_cluster_kube_config.kube_config",
            "module.oke.data.oci_identity_availability_domains.ad",
            "module.oke.data.oci_identity_availability_domains.ads",
            "module.oke.null_resource.kubeconfig",
            "module.oke.oci_containerengine_cluster.main",
            "module.oke.oci_containerengine_node_pool.main",
            "module.oke.time_sleep.wait_for_nodes"
          ]
        }
      ]
    },
    {
      "module": "module.helm_addons",
      "mode": "managed",
      "type": "helm_release",
      "name": "kube_prometheus_stack",
      "provider": "provider[\"registry.terraform.io/hashicorp/helm\"]",
      "instances": [
        {
          "schema_version": 2,
          "attributes": {
            "atomic": true,
            "chart": "kube-prometheus-stack",
            "cleanup_on_fail": false,
            "create_namespace": false,
            "dependency_update": false,
            "description": null,
            "devel": null,
            "disable_crd_hooks": false,
            "disable_openapi_validation": false,
            "disable_webhooks": false,
            "force_update": false,
            "id": "kube-prometheus-stack",
            "keyring": null,
            "lint": false,
            "manifest": null,
            "max_history": 0,
            "metadata": {
              "app_version": "v0.73.2",
              "chart": "kube-prometheus-stack",
              "first_deployed": 1776507501,
              "last_deployed": 1776526414,
              "name": "kube-prometheus-stack",
              "namespace": "monitoring",
              "notes": "kube-state-metrics is a simple service that listens to the Kubernetes API server and generates metrics about the state of the objects.\nThe exposed metrics can be found here:\nhttps://github.com/kubernetes/kube-state-metrics/blob/master/docs/README.md#exposed-metrics\n\nThe metrics are exported on the HTTP endpoint /metrics on the listening port.\nIn your case, kube-prometheus-stack-kube-state-metrics.monitoring.svc.cluster.local:8080/metrics\n\nThey are served either as plaintext or protobuf depending on the Accept header.\nThey are designed to be consumed either by Prometheus itself or by a scraper that is compatible with scraping a Prometheus client endpoint.\n\n1. Get your 'admin' user password by running:\n\n   kubectl get secret --namespace monitoring kube-prometheus-stack-grafana -o jsonpath=\"{.data.admin-password}\" | base64 --decode ; echo\n\n\n2. The Grafana server can be accessed via port 3000 on the following DNS name from within your cluster:\n\n   kube-prometheus-stack-grafana.monitoring.svc.cluster.local\n\n   If you bind grafana to 80, please update values in values.yaml and reinstall:\n   ```\n   securityContext:\n     runAsUser: 0\n     runAsGroup: 0\n     fsGroup: 0\n\n   command:\n   - \"setcap\"\n   - \"'cap_net_bind_service=+ep'\"\n   - \"/usr/sbin/grafana-server \u0026\u0026\"\n   - \"sh\"\n   - \"/run.sh\"\n   ```\n   Details refer to https://grafana.com/docs/installation/configuration/#http-port.\n   Or grafana would always crash.\n\n   From outside the cluster, the server URL(s) are:\n\n3. Login with the password from step 1 and the username: admin\n#################################################################################\n######   WARNING: Persistence is disabled!!! You will lose your data when   #####\n######            the Grafana pod is terminated.                            #####\n#################################################################################\n\n1. Get the application URL by running these commands:\n  export POD_NAME=$(kubectl get pods --namespace monitoring -l \"app.kubernetes.io/name=prometheus-node-exporter,app.kubernetes.io/instance=kube-prometheus-stack\" -o jsonpath=\"{.items[0].metadata.name}\")\n  echo \"Visit http://127.0.0.1:9100 to use your application\"\n  kubectl port-forward --namespace monitoring $POD_NAME 9100\nkube-prometheus-stack has been installed. Check its status by running:\n  kubectl --namespace monitoring get pods -l \"release=kube-prometheus-stack\"\n\nVisit https://github.com/prometheus-operator/kube-prometheus for instructions on how to create \u0026 configure Alertmanager and Prometheus instances using the Operator.\n",
              "revision": 5,
              "values": "{\"alertmanager\":{\"alertmanagerSpec\":{\"resources\":{\"limits\":{\"cpu\":\"200m\",\"memory\":\"128Mi\"},\"requests\":{\"cpu\":\"50m\",\"memory\":\"64Mi\"}}},\"service\":{\"port\":9093,\"type\":\"ClusterIP\"}},\"grafana\":{\"adminPassword\":\"admin\",\"enabled\":true,\"grafana.ini\":{\"server\":{\"root_url\":\"%(protocol)s://%(domain)s/grafana\",\"serve_from_sub_path\":true}},\"ingress\":{\"enabled\":true,\"ingressClassName\":\"nginx\",\"path\":\"/grafana\",\"pathType\":\"Prefix\"},\"resources\":{\"limits\":{\"cpu\":\"500m\",\"memory\":\"256Mi\"},\"requests\":{\"cpu\":\"100m\",\"memory\":\"128Mi\"}},\"service\":{\"port\":3000,\"type\":\"ClusterIP\"}},\"kube-state-metrics\":{\"resources\":{\"limits\":{\"cpu\":\"200m\",\"memory\":\"128Mi\"},\"requests\":{\"cpu\":\"50m\",\"memory\":\"64Mi\"}}},\"nodeExporter\":{\"resources\":{\"limits\":{\"cpu\":\"200m\",\"memory\":\"64Mi\"},\"requests\":{\"cpu\":\"50m\",\"memory\":\"32Mi\"}}},\"prometheus\":{\"ingress\":{\"enabled\":false},\"prometheusSpec\":{\"externalLabels\":{\"cluster\":\"oke-oke\"},\"resources\":{\"limits\":{\"cpu\":\"1\",\"memory\":\"1Gi\"},\"requests\":{\"cpu\":\"200m\",\"memory\":\"512Mi\"}},\"retention\":\"7d\",\"storageSpec\":{\"volumeClaimTemplate\":{\"spec\":{\"accessModes\":[\"ReadWriteOnce\"],\"resources\":{\"requests\":{\"storage\":\"20Gi\"}}}}}},\"service\":{\"port\":9090,\"type\":\"ClusterIP\"}}}",
              "version": "58.7.2"
            },
            "name": "kube-prometheus-stack",
            "namespace": "monitoring",
            "pass_credentials": false,
            "postrender": null,
            "recreate_pods": false,
            "render_subchart_notes": true,
            "replace": false,
            "repository": "https://prometheus-community.github.io/helm-charts",
            "repository_ca_file": null,
            "repository_cert_file": null,
            "repository_key_file": null,
            "repository_password": null,
            "repository_username": null,
            "reset_values": false,
            "resources": null,
            "reuse_values": false,
            "set": null,
            "set_list": null,
            "set_sensitive": null,
            "set_wo": null,
            "set_wo_revision": null,
            "skip_crds": false,
            "status": "deployed",
            "take_ownership": false,
            "timeout": 600,
            "timeouts": null,
            "upgrade_install": false,
            "values": [
              "\"alertmanager\":\n  \"alertmanagerSpec\":\n    \"resources\":\n      \"limits\":\n        \"cpu\": \"200m\"\n        \"memory\": \"128Mi\"\n      \"requests\":\n        \"cpu\": \"50m\"\n        \"memory\": \"64Mi\"\n  \"service\":\n    \"port\": 9093\n    \"type\": \"ClusterIP\"\n\"grafana\":\n  \"adminPassword\": \"admin\"\n  \"enabled\": true\n  \"grafana.ini\":\n    \"server\":\n      \"root_url\": \"%(protocol)s://%(domain)s/grafana\"\n      \"serve_from_sub_path\": true\n  \"ingress\":\n    \"enabled\": true\n    \"ingressClassName\": \"nginx\"\n    \"path\": \"/grafana\"\n    \"pathType\": \"Prefix\"\n  \"resources\":\n    \"limits\":\n      \"cpu\": \"500m\"\n      \"memory\": \"256Mi\"\n    \"requests\":\n      \"cpu\": \"100m\"\n      \"memory\": \"128Mi\"\n  \"service\":\n    \"port\": 3000\n    \"type\": \"ClusterIP\"\n\"kube-state-metrics\":\n  \"resources\":\n    \"limits\":\n      \"cpu\": \"200m\"\n      \"memory\": \"128Mi\"\n    \"requests\":\n      \"cpu\": \"50m\"\n      \"memory\": \"64Mi\"\n\"nodeExporter\":\n  \"resources\":\n    \"limits\":\n      \"cpu\": \"200m\"\n      \"memory\": \"64Mi\"\n    \"requests\":\n      \"cpu\": \"50m\"\n      \"memory\": \"32Mi\"\n\"prometheus\":\n  \"ingress\":\n    \"enabled\": false\n  \"prometheusSpec\":\n    \"externalLabels\":\n      \"cluster\": \"oke-oke\"\n    \"resources\":\n      \"limits\":\n        \"cpu\": \"1\"\n        \"memory\": \"1Gi\"\n      \"requests\":\n        \"cpu\": \"200m\"\n        \"memory\": \"512Mi\"\n    \"retention\": \"7d\"\n    \"storageSpec\":\n      \"volumeClaimTemplate\":\n        \"spec\":\n          \"accessModes\":\n          - \"ReadWriteOnce\"\n          \"resources\":\n            \"requests\":\n              \"storage\": \"20Gi\"\n  \"service\":\n    \"port\": 9090\n    \"type\": \"ClusterIP\"\n"
            ],
            "verify": false,
            "version": "58.7.2",
            "wait": true,
            "wait_for_jobs": false
          },
          "sensitive_attributes": [
            [
              {
                "type": "get_attr",
                "value": "repository_password"
              }
            ],
            [
              {
                "type": "get_attr",
                "value": "values"
              },
              {
                "type": "index",
                "value": {
                  "value": 0,
                  "type": "number"
                }
              }
            ]
          ],
          "identity_schema_version": 0,
          "identity": {
            "namespace": "monitoring",
            "release_name": "kube-prometheus-stack"
          },
          "dependencies": [
            "module.helm_addons.helm_release.nginx_ingress",
            "module.helm_addons.kubernetes_namespace_v1.monitoring",
            "module.helm_addons.kubernetes_namespace_v1.nginx_ingress",
            "module.network.data.oci_core_services.all",
            "module.network.oci_core_internet_gateway.main",
            "module.network.oci_core_nat_gateway.main",
            "module.network.oci_core_route_table.private",
            "module.network.oci_core_route_table.public",
            "module.network.oci_core_security_list.api",
            "module.network.oci_core_security_list.lb",
            "module.network.oci_core_security_list.workers",
            "module.network.oci_core_service_gateway.main",
            "module.network.oci_core_subnet.api",
            "module.network.oci_core_subnet.lb",
            "module.network.oci_core_subnet.workers",
            "module.network.oci_core_vcn.main",
            "module.oke.data.oci_containerengine_cluster_kube_config.kube_config",
            "module.oke.data.oci_identity_availability_domains.ad",
            "module.oke.data.oci_identity_availability_domains.ads",
            "module.oke.null_resource.kubeconfig",
            "module.oke.oci_containerengine_cluster.main",
            "module.oke.oci_containerengine_node_pool.main",
            "module.oke.time_sleep.wait_for_nodes"
          ]
        }
      ]
    },
    {
      "module": "module.helm_addons",
      "mode": "managed",
      "type": "helm_release",
      "name": "nginx_ingress",
      "provider": "provider[\"registry.terraform.io/hashicorp/helm\"]",
      "instances": [
        {
          "schema_version": 2,
          "attributes": {
            "atomic": true,
            "chart": "ingress-nginx",
            "cleanup_on_fail": false,
            "create_namespace": false,
            "dependency_update": false,
            "description": null,
            "devel": null,
            "disable_crd_hooks": false,
            "disable_openapi_validation": false,
            "disable_webhooks": false,
            "force_update": false,
            "id": "ingress-nginx",
            "keyring": null,
            "lint": false,
            "manifest": null,
            "max_history": 0,
            "metadata": {
              "app_version": "1.10.0",
              "chart": "ingress-nginx",
              "first_deployed": 1776297335,
              "last_deployed": 1776507477,
              "name": "ingress-nginx",
              "namespace": "ingress-nginx",
              "notes": "The ingress-nginx controller has been installed.\nIt may take a few minutes for the load balancer IP to be available.\nYou can watch the status by running 'kubectl get service --namespace ingress-nginx ingress-nginx-controller --output wide --watch'\n\nAn example Ingress that makes use of the controller:\n  apiVersion: networking.k8s.io/v1\n  kind: Ingress\n  metadata:\n    name: example\n    namespace: foo\n  spec:\n    ingressClassName: nginx\n    rules:\n      - host: www.example.com\n        http:\n          paths:\n            - pathType: Prefix\n              backend:\n                service:\n                  name: exampleService\n                  port:\n                    number: 80\n              path: /\n    # This section is only required if TLS is to be enabled for the Ingress\n    tls:\n      - hosts:\n        - www.example.com\n        secretName: example-tls\n\nIf TLS is enabled for the Ingress, a Secret containing the certificate and key must also be provided:\n\n  apiVersion: v1\n  kind: Secret\n  metadata:\n    name: example-tls\n    namespace: foo\n  data:\n    tls.crt: \u003cbase64 encoded cert\u003e\n    tls.key: \u003cbase64 encoded key\u003e\n  type: kubernetes.io/tls\n",
              "revision": 2,
              "values": "{\"controller\":{\"admissionWebhooks\":{\"enabled\":false},\"ingressClassResource\":{\"default\":true},\"resources\":{\"limits\":{\"cpu\":\"500m\",\"memory\":\"256Mi\"},\"requests\":{\"cpu\":\"100m\",\"memory\":\"128Mi\"}},\"service\":{\"annotations\":{\"service.beta.kubernetes.io/oci-load-balancer-shape\":\"flexible\",\"service.beta.kubernetes.io/oci-load-balancer-shape-flex-max\":\"10\",\"service.beta.kubernetes.io/oci-load-balancer-shape-flex-min\":\"10\",\"service.beta.kubernetes.io/oci-load-balancer-subnet1\":\"ocid1.subnet.oc1.ap-chuncheon-1.aaaaaaaargdtemzcns2ugvt3yem5ukdyrqd3dykjezwuf44i5te7l73sy6aa\"},\"type\":\"LoadBalancer\"}}}",
              "version": "4.10.0"
            },
            "name": "ingress-nginx",
            "namespace": "ingress-nginx",
            "pass_credentials": false,
            "postrender": null,
            "recreate_pods": false,
            "render_subchart_notes": true,
            "replace": false,
            "repository": "https://kubernetes.github.io/ingress-nginx",
            "repository_ca_file": null,
            "repository_cert_file": null,
            "repository_key_file": null,
            "repository_password": null,
            "repository_username": null,
            "reset_values": false,
            "resources": null,
            "reuse_values": false,
            "set": null,
            "set_list": null,
            "set_sensitive": null,
            "set_wo": null,
            "set_wo_revision": null,
            "skip_crds": false,
            "status": "deployed",
            "take_ownership": false,
            "timeout": 300,
            "timeouts": null,
            "upgrade_install": false,
            "values": [
              "\"controller\":\n  \"admissionWebhooks\":\n    \"enabled\": false\n  \"ingressClassResource\":\n    \"default\": true\n  \"resources\":\n    \"limits\":\n      \"cpu\": \"500m\"\n      \"memory\": \"256Mi\"\n    \"requests\":\n      \"cpu\": \"100m\"\n      \"memory\": \"128Mi\"\n  \"service\":\n    \"annotations\":\n      \"service.beta.kubernetes.io/oci-load-balancer-shape\": \"flexible\"\n      \"service.beta.kubernetes.io/oci-load-balancer-shape-flex-max\": \"10\"\n      \"service.beta.kubernetes.io/oci-load-balancer-shape-flex-min\": \"10\"\n      \"service.beta.kubernetes.io/oci-load-balancer-subnet1\": \"ocid1.subnet.oc1.ap-chuncheon-1.aaaaaaaargdtemzcns2ugvt3yem5ukdyrqd3dykjezwuf44i5te7l73sy6aa\"\n    \"type\": \"LoadBalancer\"\n"
            ],
            "verify": false,
            "version": "4.10.0",
            "wait": true,
            "wait_for_jobs": false
          },
          "sensitive_attributes": [
            [
              {
                "type": "get_attr",
                "value": "repository_password"
              }
            ]
          ],
          "identity_schema_version": 0,
          "identity": {
            "namespace": "ingress-nginx",
            "release_name": "ingress-nginx"
          },
          "dependencies": [
            "module.helm_addons.kubernetes_namespace_v1.nginx_ingress",
            "module.network.data.oci_core_services.all",
            "module.network.oci_core_internet_gateway.main",
            "module.network.oci_core_nat_gateway.main",
            "module.network.oci_core_route_table.private",
            "module.network.oci_core_route_table.public",
            "module.network.oci_core_security_list.api",
            "module.network.oci_core_security_list.lb",
            "module.network.oci_core_security_list.workers",
            "module.network.oci_core_service_gateway.main",
            "module.network.oci_core_subnet.api",
            "module.network.oci_core_subnet.lb",
            "module.network.oci_core_subnet.workers",
            "module.network.oci_core_vcn.main",
            "module.oke.data.oci_containerengine_cluster_kube_config.kube_config",
            "module.oke.data.oci_identity_availability_domains.ad",
            "module.oke.data.oci_identity_availability_domains.ads",
            "module.oke.null_resource.kubeconfig",
            "module.oke.oci_containerengine_cluster.main",
            "module.oke.oci_containerengine_node_pool.main",
            "module.oke.time_sleep.wait_for_nodes"
          ]
        }
      ]
    },
    {
      "module": "module.helm_addons",
      "mode": "managed",
      "type": "kubernetes_ingress_v1",
      "name": "argocd",
      "provider": "provider[\"registry.terraform.io/hashicorp/kubernetes\"]",
      "instances": [
        {
          "schema_version": 0,
          "attributes": {
            "id": "argocd/argocd-server",
            "metadata": [
              {
                "annotations": {
                  "nginx.ingress.kubernetes.io/ssl-redirect": "false"
                },
                "generate_name": "",
                "generation": 1,
                "labels": {},
                "name": "argocd-server",
                "namespace": "argocd",
                "resource_version": "1329913",
                "uid": "332ebfc8-4ac4-418b-b041-e13bfc52307f"
              }
            ],
            "spec": [
              {
                "default_backend": [],
                "ingress_class_name": "nginx",
                "rule": [
                  {
                    "host": "",
                    "http": [
                      {
                        "path": [
                          {
                            "backend": [
                              {
                                "resource": [],
                                "service": [
                                  {
                                    "name": "argocd-server",
                                    "port": [
                                      {
                                        "name": "",
                                        "number": 80
                                      }
                                    ]
                                  }
                                ]
                              }
                            ],
                            "path": "/argocd",
                            "path_type": "Prefix"
                          }
                        ]
                      }
                    ]
                  }
                ],
                "tls": []
              }
            ],
            "status": [
              {
                "load_balancer": [
                  {
                    "ingress": [
                      {
                        "hostname": "",
                        "ip": "144.24.87.151"
                      }
                    ]
                  }
                ]
              }
            ],
            "timeouts": null,
            "wait_for_load_balancer": null
          },
          "sensitive_attributes": [],
          "identity_schema_version": 1,
          "identity": {
            "api_version": "networking.k8s.io/v1",
            "kind": "Ingress",
            "name": "argocd-server",
            "namespace": "argocd"
          },
          "private": "eyJlMmJmYjczMC1lY2FhLTExZTYtOGY4OC0zNDM2M2JjN2M0YzAiOnsiY3JlYXRlIjoxMjAwMDAwMDAwMDAwLCJkZWxldGUiOjEyMDAwMDAwMDAwMDB9fQ==",
          "dependencies": [
            "module.helm_addons.helm_release.argocd",
            "module.helm_addons.helm_release.nginx_ingress",
            "module.helm_addons.kubernetes_namespace_v1.argocd",
            "module.helm_addons.kubernetes_namespace_v1.nginx_ingress",
            "module.network.data.oci_core_services.all",
            "module.network.oci_core_internet_gateway.main",
            "module.network.oci_core_nat_gateway.main",
            "module.network.oci_core_route_table.private",
            "module.network.oci_core_route_table.public",
            "module.network.oci_core_security_list.api",
            "module.network.oci_core_security_list.lb",
            "module.network.oci_core_security_list.workers",
            "module.network.oci_core_service_gateway.main",
            "module.network.oci_core_subnet.api",
            "module.network.oci_core_subnet.lb",
            "module.network.oci_core_subnet.workers",
            "module.network.oci_core_vcn.main",
            "module.oke.data.oci_containerengine_cluster_kube_config.kube_config",
            "module.oke.data.oci_identity_availability_domains.ad",
            "module.oke.data.oci_identity_availability_domains.ads",
            "module.oke.null_resource.kubeconfig",
            "module.oke.oci_containerengine_cluster.main",
            "module.oke.oci_containerengine_node_pool.main",
            "module.oke.time_sleep.wait_for_nodes"
          ]
        }
      ]
    },
    {
      "module": "module.helm_addons",
      "mode": "managed",
      "type": "kubernetes_ingress_v1",
      "name": "prometheus",
      "provider": "provider[\"registry.terraform.io/hashicorp/kubernetes\"]",
      "instances": [
        {
          "schema_version": 0,
          "attributes": {
            "id": "monitoring/prometheus",
            "metadata": [
              {
                "annotations": {
                  "nginx.ingress.kubernetes.io/rewrite-target": "/$2",
                  "nginx.ingress.kubernetes.io/ssl-redirect": "false"
                },
                "generate_name": "",
                "generation": 2,
                "labels": {},
                "name": "prometheus",
                "namespace": "monitoring",
                "resource_version": "1342875",
                "uid": "8969afaa-681f-48b9-9ba0-49f662327509"
              }
            ],
            "spec": [
              {
                "default_backend": [],
                "ingress_class_name": "nginx",
                "rule": [
                  {
                    "host": "",
                    "http": [
                      {
                        "path": [
                          {
                            "backend": [
                              {
                                "resource": [],
                                "service": [
                                  {
                                    "name": "kube-prometheus-stack-prometheus",
                                    "port": [
                                      {
                                        "name": "",
                                        "number": 9090
                                      }
                                    ]
                                  }
                                ]
                              }
                            ],
                            "path": "/prometheus(/|$)(.*)",
                            "path_type": "ImplementationSpecific"
                          }
                        ]
                      }
                    ]
                  }
                ],
                "tls": []
              }
            ],
            "status": [
              {
                "load_balancer": [
                  {
                    "ingress": [
                      {
                        "hostname": "",
                        "ip": "144.24.87.151"
                      }
                    ]
                  }
                ]
              }
            ],
            "timeouts": null,
            "wait_for_load_balancer": null
          },
          "sensitive_attributes": [],
          "identity_schema_version": 1,
          "identity": {
            "api_version": "networking.k8s.io/v1",
            "kind": "Ingress",
            "name": "prometheus",
            "namespace": "monitoring"
          },
          "private": "eyJlMmJmYjczMC1lY2FhLTExZTYtOGY4OC0zNDM2M2JjN2M0YzAiOnsiY3JlYXRlIjoxMjAwMDAwMDAwMDAwLCJkZWxldGUiOjEyMDAwMDAwMDAwMDB9fQ==",
          "dependencies": [
            "module.helm_addons.helm_release.kube_prometheus_stack",
            "module.helm_addons.helm_release.nginx_ingress",
            "module.helm_addons.kubernetes_namespace_v1.monitoring",
            "module.helm_addons.kubernetes_namespace_v1.nginx_ingress",
            "module.network.data.oci_core_services.all",
            "module.network.oci_core_internet_gateway.main",
            "module.network.oci_core_nat_gateway.main",
            "module.network.oci_core_route_table.private",
            "module.network.oci_core_route_table.public",
            "module.network.oci_core_security_list.api",
            "module.network.oci_core_security_list.lb",
            "module.network.oci_core_security_list.workers",
            "module.network.oci_core_service_gateway.main",
            "module.network.oci_core_subnet.api",
            "module.network.oci_core_subnet.lb",
            "module.network.oci_core_subnet.workers",
            "module.network.oci_core_vcn.main",
            "module.oke.data.oci_containerengine_cluster_kube_config.kube_config",
            "module.oke.data.oci_identity_availability_domains.ad",
            "module.oke.data.oci_identity_availability_domains.ads",
            "module.oke.null_resource.kubeconfig",
            "module.oke.oci_containerengine_cluster.main",
            "module.oke.oci_containerengine_node_pool.main",
            "module.oke.time_sleep.wait_for_nodes"
          ]
        }
      ]
    },
    {
      "module": "module.helm_addons",
      "mode": "managed",
      "type": "kubernetes_ingress_v1",
      "name": "root_redirect",
      "provider": "provider[\"registry.terraform.io/hashicorp/kubernetes\"]",
      "instances": [
        {
          "schema_version": 0,
          "attributes": {
            "id": "argocd/root-redirect",
            "metadata": [
              {
                "annotations": {
                  "nginx.ingress.kubernetes.io/permanent-redirect": "/argocd/",
                  "nginx.ingress.kubernetes.io/permanent-redirect-code": "308",
                  "nginx.ingress.kubernetes.io/ssl-redirect": "false"
                },
                "generate_name": "",
                "generation": 1,
                "labels": {},
                "name": "root-redirect",
                "namespace": "argocd",
                "resource_version": "1329912",
                "uid": "f49bcc91-464c-466f-816f-fb019dfa6d8f"
              }
            ],
            "spec": [
              {
                "default_backend": [],
                "ingress_class_name": "nginx",
                "rule": [
                  {
                    "host": "",
                    "http": [
                      {
                        "path": [
                          {
                            "backend": [
                              {
                                "resource": [],
                                "service": [
                                  {
                                    "name": "argocd-server",
                                    "port": [
                                      {
                                        "name": "",
                                        "number": 80
                                      }
                                    ]
                                  }
                                ]
                              }
                            ],
                            "path": "/",
                            "path_type": "Exact"
                          }
                        ]
                      }
                    ]
                  }
                ],
                "tls": []
              }
            ],
            "status": [
              {
                "load_balancer": [
                  {
                    "ingress": [
                      {
                        "hostname": "",
                        "ip": "144.24.87.151"
                      }
                    ]
                  }
                ]
              }
            ],
            "timeouts": null,
            "wait_for_load_balancer": null
          },
          "sensitive_attributes": [],
          "identity_schema_version": 1,
          "identity": {
            "api_version": "networking.k8s.io/v1",
            "kind": "Ingress",
            "name": "root-redirect",
            "namespace": "argocd"
          },
          "private": "eyJlMmJmYjczMC1lY2FhLTExZTYtOGY4OC0zNDM2M2JjN2M0YzAiOnsiY3JlYXRlIjoxMjAwMDAwMDAwMDAwLCJkZWxldGUiOjEyMDAwMDAwMDAwMDB9fQ==",
          "dependencies": [
            "module.helm_addons.helm_release.argocd",
            "module.helm_addons.helm_release.nginx_ingress",
            "module.helm_addons.kubernetes_namespace_v1.argocd",
            "module.helm_addons.kubernetes_namespace_v1.nginx_ingress",
            "module.network.data.oci_core_services.all",
            "module.network.oci_core_internet_gateway.main",
            "module.network.oci_core_nat_gateway.main",
            "module.network.oci_core_route_table.private",
            "module.network.oci_core_route_table.public",
            "module.network.oci_core_security_list.api",
            "module.network.oci_core_security_list.lb",
            "module.network.oci_core_security_list.workers",
            "module.network.oci_core_service_gateway.main",
            "module.network.oci_core_subnet.api",
            "module.network.oci_core_subnet.lb",
            "module.network.oci_core_subnet.workers",
            "module.network.oci_core_vcn.main",
            "module.oke.data.oci_containerengine_cluster_kube_config.kube_config",
            "module.oke.data.oci_identity_availability_domains.ad",
            "module.oke.data.oci_identity_availability_domains.ads",
            "module.oke.null_resource.kubeconfig",
            "module.oke.oci_containerengine_cluster.main",
            "module.oke.oci_containerengine_node_pool.main",
            "module.oke.time_sleep.wait_for_nodes"
          ]
        }
      ]
    },
    {
      "module": "module.helm_addons",
      "mode": "managed",
      "type": "kubernetes_namespace_v1",
      "name": "argocd",
      "provider": "provider[\"registry.terraform.io/hashicorp/kubernetes\"]",
      "instances": [
        {
          "schema_version": 0,
          "attributes": {
            "id": "argocd",
            "metadata": [
              {
                "annotations": {},
                "generate_name": "",
                "generation": 0,
                "labels": {
                  "app.kubernetes.io/managed-by": "terraform"
                },
                "name": "argocd",
                "resource_version": "203706",
                "uid": "4752338e-c7bc-4519-bd81-dbef6f170271"
              }
            ],
            "timeouts": null,
            "wait_for_default_service_account": false
          },
          "sensitive_attributes": [],
          "identity_schema_version": 1,
          "identity": {
            "api_version": "v1",
            "kind": "Namespace",
            "name": "argocd"
          },
          "private": "eyJlMmJmYjczMC1lY2FhLTExZTYtOGY4OC0zNDM2M2JjN2M0YzAiOnsiZGVsZXRlIjozMDAwMDAwMDAwMDB9fQ==",
          "dependencies": [
            "module.network.data.oci_core_services.all",
            "module.network.oci_core_internet_gateway.main",
            "module.network.oci_core_nat_gateway.main",
            "module.network.oci_core_route_table.private",
            "module.network.oci_core_route_table.public",
            "module.network.oci_core_security_list.api",
            "module.network.oci_core_security_list.lb",
            "module.network.oci_core_security_list.workers",
            "module.network.oci_core_service_gateway.main",
            "module.network.oci_core_subnet.api",
            "module.network.oci_core_subnet.lb",
            "module.network.oci_core_subnet.workers",
            "module.network.oci_core_vcn.main",
            "module.oke.data.oci_containerengine_cluster_kube_config.kube_config",
            "module.oke.data.oci_identity_availability_domains.ad",
            "module.oke.data.oci_identity_availability_domains.ads",
            "module.oke.null_resource.kubeconfig",
            "module.oke.oci_containerengine_cluster.main",
            "module.oke.oci_containerengine_node_pool.main",
            "module.oke.time_sleep.wait_for_nodes"
          ]
        }
      ]
    },
    {
      "module": "module.helm_addons",
      "mode": "managed",
      "type": "kubernetes_namespace_v1",
      "name": "monitoring",
      "provider": "provider[\"registry.terraform.io/hashicorp/kubernetes\"]",
      "instances": [
        {
          "schema_version": 0,
          "attributes": {
            "id": "monitoring",
            "metadata": [
              {
                "annotations": {},
                "generate_name": "",
                "generation": 0,
                "labels": {
                  "app.kubernetes.io/managed-by": "terraform"
                },
                "name": "monitoring",
                "resource_version": "1245994",
                "uid": "d7618560-8c31-4132-b444-7d2e8180bf3b"
              }
            ],
            "timeouts": null,
            "wait_for_default_service_account": false
          },
          "sensitive_attributes": [],
          "identity_schema_version": 1,
          "identity": {
            "api_version": "v1",
            "kind": "Namespace",
            "name": "monitoring"
          },
          "private": "eyJlMmJmYjczMC1lY2FhLTExZTYtOGY4OC0zNDM2M2JjN2M0YzAiOnsiZGVsZXRlIjozMDAwMDAwMDAwMDB9fQ==",
          "dependencies": [
            "module.network.data.oci_core_services.all",
            "module.network.oci_core_internet_gateway.main",
            "module.network.oci_core_nat_gateway.main",
            "module.network.oci_core_route_table.private",
            "module.network.oci_core_route_table.public",
            "module.network.oci_core_security_list.api",
            "module.network.oci_core_security_list.lb",
            "module.network.oci_core_security_list.workers",
            "module.network.oci_core_service_gateway.main",
            "module.network.oci_core_subnet.api",
            "module.network.oci_core_subnet.lb",
            "module.network.oci_core_subnet.workers",
            "module.network.oci_core_vcn.main",
            "module.oke.data.oci_containerengine_cluster_kube_config.kube_config",
            "module.oke.data.oci_identity_availability_domains.ad",
            "module.oke.data.oci_identity_availability_domains.ads",
            "module.oke.null_resource.kubeconfig",
            "module.oke.oci_containerengine_cluster.main",
            "module.oke.oci_containerengine_node_pool.main",
            "module.oke.time_sleep.wait_for_nodes"
          ]
        }
      ]
    },
    {
      "module": "module.helm_addons",
      "mode": "managed",
      "type": "kubernetes_namespace_v1",
      "name": "nginx_ingress",
      "provider": "provider[\"registry.terraform.io/hashicorp/kubernetes\"]",
      "instances": [
        {
          "schema_version": 0,
          "attributes": {
            "id": "ingress-nginx",
            "metadata": [
              {
                "annotations": {},
                "generate_name": "",
                "generation": 0,
                "labels": {
                  "app.kubernetes.io/managed-by": "terraform"
                },
                "name": "ingress-nginx",
                "resource_version": "203703",
                "uid": "497aa5dc-aa96-475a-a4bf-af2b45418848"
              }
            ],
            "timeouts": null,
            "wait_for_default_service_account": false
          },
          "sensitive_attributes": [],
          "identity_schema_version": 1,
          "identity": {
            "api_version": "v1",
            "kind": "Namespace",
            "name": "ingress-nginx"
          },
          "private": "eyJlMmJmYjczMC1lY2FhLTExZTYtOGY4OC0zNDM2M2JjN2M0YzAiOnsiZGVsZXRlIjozMDAwMDAwMDAwMDB9fQ==",
          "dependencies": [
            "module.network.data.oci_core_services.all",
            "module.network.oci_core_internet_gateway.main",
            "module.network.oci_core_nat_gateway.main",
            "module.network.oci_core_route_table.private",
            "module.network.oci_core_route_table.public",
            "module.network.oci_core_security_list.api",
            "module.network.oci_core_security_list.lb",
            "module.network.oci_core_security_list.workers",
            "module.network.oci_core_service_gateway.main",
            "module.network.oci_core_subnet.api",
            "module.network.oci_core_subnet.lb",
            "module.network.oci_core_subnet.workers",
            "module.network.oci_core_vcn.main",
            "module.oke.data.oci_containerengine_cluster_kube_config.kube_config",
            "module.oke.data.oci_identity_availability_domains.ad",
            "module.oke.data.oci_identity_availability_domains.ads",
            "module.oke.null_resource.kubeconfig",
            "module.oke.oci_containerengine_cluster.main",
            "module.oke.oci_containerengine_node_pool.main",
            "module.oke.time_sleep.wait_for_nodes"
          ]
        }
      ]
    },
    {
      "module": "module.iam",
      "mode": "managed",
      "type": "null_resource",
      "name": "wait_for_dynamic_group",
      "provider": "provider[\"registry.terraform.io/hashicorp/null\"]",
      "instances": [
        {
          "schema_version": 0,
          "attributes": {
            "id": "7446871374864505880",
            "triggers": {
              "dg_id": "ocid1.dynamicgroup.oc1..aaaaaaaaycwoci6fndtdjtsbtbnhwharca62ow5g72lje4ufkq5nr4iv4nwq"
            }
          },
          "sensitive_attributes": [],
          "identity_schema_version": 0,
          "dependencies": [
            "module.iam.oci_identity_dynamic_group.oke_nodes"
          ]
        }
      ]
    },
    {
      "module": "module.iam",
      "mode": "managed",
      "type": "oci_identity_dynamic_group",
      "name": "oke_nodes",
      "provider": "provider[\"registry.terraform.io/oracle/oci\"].home",
      "instances": [
        {
          "schema_version": 0,
          "attributes": {
            "compartment_id": "ocid1.tenancy.oc1..aaaaaaaa2j7k7at33otjvl2f4tbbibikvo4f2imctcswp2dwyb5zmrxmw5yq",
            "defined_tags": {
              "Oracle-Tags.CreatedBy": "default/hxeep11@gmail.com",
              "Oracle-Tags.CreatedOn": "2026-04-15T12:21:56.053Z"
            },
            "description": "OKE worker nodes for instance principal auth",
            "freeform_tags": {
              "environment": "dev",
              "managed_by": "terraform",
              "project": "oke"
            },
            "id": "ocid1.dynamicgroup.oc1..aaaaaaaaycwoci6fndtdjtsbtbnhwharca62ow5g72lje4ufkq5nr4iv4nwq",
            "inactive_state": null,
            "matching_rule": "ALL {instance.compartment.id = 'ocid1.tenancy.oc1..aaaaaaaa2j7k7at33otjvl2f4tbbibikvo4f2imctcswp2dwyb5zmrxmw5yq'}",
            "name": "oke-oke-nodes-dg",
            "state": "ACTIVE",
            "time_created": "2026-04-15 12:21:56.089 +0000 UTC",
            "timeouts": null
          },
          "sensitive_attributes": [],
          "identity_schema_version": 0,
          "private": "eyJlMmJmYjczMC1lY2FhLTExZTYtOGY4OC0zNDM2M2JjN2M0YzAiOnsiY3JlYXRlIjoxMjAwMDAwMDAwMDAwLCJkZWxldGUiOjEyMDAwMDAwMDAwMDAsInVwZGF0ZSI6MTIwMDAwMDAwMDAwMH19"
        }
      ]
    },
    {
      "module": "module.iam",
      "mode": "managed",
      "type": "oci_identity_policy",
      "name": "oke_lb_controller",
      "provider": "provider[\"registry.terraform.io/oracle/oci\"].home",
      "instances": [
        {
          "schema_version": 0,
          "attributes": {
            "ETag": "c5848dbcc87db8337b387f8344b4e331599cb106",
            "compartment_id": "ocid1.tenancy.oc1..aaaaaaaa2j7k7at33otjvl2f4tbbibikvo4f2imctcswp2dwyb5zmrxmw5yq",
            "defined_tags": {
              "Oracle-Tags.CreatedBy": "default/hxeep11@gmail.com",
              "Oracle-Tags.CreatedOn": "2026-04-08T01:53:20.107Z"
            },
            "description": "Allow OKE nodes to manage Load Balancers via OCI Native Ingress Controller",
            "freeform_tags": {
              "environment": "dev",
              "managed_by": "terraform",
              "project": "oke"
            },
            "id": "ocid1.policy.oc1..aaaaaaaakm747xzf6lgwoga6hdenn3cximj6hnuimqb6hldhndumcfnlq3sq",
            "inactive_state": null,
            "lastUpdateETag": "c5848dbcc87db8337b387f8344b4e331599cb106",
            "name": "oke-oke-lb-controller-policy",
            "policyHash": "d16fbf88e6436e32da26ccaf556afdad",
            "state": "ACTIVE",
            "statements": [
              "Allow dynamic-group oke-oke-nodes-dg to manage load-balancers in tenancy",
              "Allow dynamic-group oke-oke-nodes-dg to use virtual-network-family in tenancy",
              "Allow dynamic-group oke-oke-nodes-dg to read cluster-family in tenancy",
              "Allow dynamic-group oke-oke-nodes-dg to manage leaf-certificate-family in tenancy"
            ],
            "time_created": "2026-04-08 01:53:20.145 +0000 UTC",
            "timeouts": null,
            "version_date": null
          },
          "sensitive_attributes": [],
          "identity_schema_version": 0,
          "private": "eyJlMmJmYjczMC1lY2FhLTExZTYtOGY4OC0zNDM2M2JjN2M0YzAiOnsiY3JlYXRlIjoxMjAwMDAwMDAwMDAwLCJkZWxldGUiOjEyMDAwMDAwMDAwMDAsInVwZGF0ZSI6MTIwMDAwMDAwMDAwMH0sInNjaGVtYV92ZXJzaW9uIjoiMCJ9",
          "dependencies": [
            "module.iam.null_resource.wait_for_dynamic_group",
            "module.iam.oci_identity_dynamic_group.oke_nodes",
            "module.iam.time_sleep.wait_for_dynamic_group"
          ]
        }
      ]
    },
    {
      "module": "module.iam",
      "mode": "managed",
      "type": "time_sleep",
      "name": "wait_for_dynamic_group",
      "provider": "provider[\"registry.terraform.io/hashicorp/time\"]",
      "instances": [
        {
          "schema_version": 0,
          "attributes": {
            "create_duration": "1s",
            "destroy_duration": null,
            "id": "2026-04-15T12:23:57Z",
            "triggers": null
          },
          "sensitive_attributes": [],
          "identity_schema_version": 0,
          "dependencies": [
            "module.iam.null_resource.wait_for_dynamic_group",
            "module.iam.oci_identity_dynamic_group.oke_nodes"
          ]
        }
      ]
    },
    {
      "module": "module.network",
      "mode": "data",
      "type": "oci_core_services",
      "name": "all",
      "provider": "provider[\"registry.terraform.io/hashicorp/oci\"]",
      "instances": [
        {
          "schema_version": 0,
          "attributes": {
            "filter": [
              {
                "name": "name",
                "regex": true,
                "values": [
                  "All .* Services In Oracle Services Network"
                ]
              }
            ],
            "id": "CoreServicesDataSource-0",
            "services": [
              {
                "cidr_block": "all-yny-services-in-oracle-services-network",
                "description": "All YNY Services In Oracle Services Network",
                "id": "ocid1.service.oc1.ap-chuncheon-1.aaaaaaaav26pw33pfolcobpj62iy6pq2xkkzeiizc2m64i2elbdj5mw4dnra",
                "name": "All YNY Services In Oracle Services Network"
              }
            ]
          },
          "sensitive_attributes": [],
          "identity_schema_version": 0
        }
      ]
    },
    {
      "module": "module.network",
      "mode": "managed",
      "type": "oci_core_internet_gateway",
      "name": "main",
      "provider": "provider[\"registry.terraform.io/hashicorp/oci\"]",
      "instances": [
        {
          "schema_version": 0,
          "attributes": {
            "compartment_id": "ocid1.tenancy.oc1..aaaaaaaa2j7k7at33otjvl2f4tbbibikvo4f2imctcswp2dwyb5zmrxmw5yq",
            "defined_tags": {
              "Oracle-Tags.CreatedBy": "default/hxeep11@gmail.com",
              "Oracle-Tags.CreatedOn": "2026-04-06T00:56:17.069Z"
            },
            "display_name": "oke-igw",
            "enabled": true,
            "freeform_tags": {
              "environment": "dev",
              "managed_by": "terraform",
              "project": "oke"
            },
            "id": "ocid1.internetgateway.oc1.ap-chuncheon-1.aaaaaaaacava3rcwbkg3qmogh7uu7omuvkvz6e66o2rawqzvzw2zgspgivma",
            "route_table_id": null,
            "state": "AVAILABLE",
            "time_created": "2026-04-06 00:56:17.116 +0000 UTC",
            "timeouts": null,
            "vcn_id": "ocid1.vcn.oc1.ap-chuncheon-1.amaaaaaaaulogtya3x7sygdt3rsui7ujk4lg2dyteorg22ezdnd6zmg5vrbq"
          },
          "sensitive_attributes": [],
          "identity_schema_version": 0,
          "private": "eyJlMmJmYjczMC1lY2FhLTExZTYtOGY4OC0zNDM2M2JjN2M0YzAiOnsiY3JlYXRlIjoxMjAwMDAwMDAwMDAwLCJkZWxldGUiOjEyMDAwMDAwMDAwMDAsInVwZGF0ZSI6MTIwMDAwMDAwMDAwMH19",
          "dependencies": [
            "module.network.oci_core_vcn.main"
          ]
        }
      ]
    },
    {
      "module": "module.network",
      "mode": "managed",
      "type": "oci_core_nat_gateway",
      "name": "main",
      "provider": "provider[\"registry.terraform.io/hashicorp/oci\"]",
      "instances": [
        {
          "schema_version": 0,
          "attributes": {
            "block_traffic": false,
            "compartment_id": "ocid1.tenancy.oc1..aaaaaaaa2j7k7at33otjvl2f4tbbibikvo4f2imctcswp2dwyb5zmrxmw5yq",
            "defined_tags": {
              "Oracle-Tags.CreatedBy": "default/hxeep11@gmail.com",
              "Oracle-Tags.CreatedOn": "2026-04-06T00:56:17.043Z"
            },
            "display_name": "oke-nat",
            "freeform_tags": {
              "environment": "dev",
              "managed_by": "terraform",
              "project": "oke"
            },
            "id": "ocid1.natgateway.oc1.ap-chuncheon-1.aaaaaaaa6jlosz4earryxys5cc654dn3fs7vzfthac3w6prvzfv6qv6ixm3q",
            "nat_ip": "129.154.63.71",
            "public_ip_id": "ocid1.publicip.oc1.ap-chuncheon-1.aaaaaaaavappwirekhdzrh6sfjycmchpjqul6iffyfo4xgvbjpjwa55igo5a",
            "route_table_id": null,
            "state": "AVAILABLE",
            "time_created": "2026-04-06 00:56:17.229 +0000 UTC",
            "timeouts": null,
            "vcn_id": "ocid1.vcn.oc1.ap-chuncheon-1.amaaaaaaaulogtya3x7sygdt3rsui7ujk4lg2dyteorg22ezdnd6zmg5vrbq"
          },
          "sensitive_attributes": [],
          "identity_schema_version": 0,
          "private": "eyJlMmJmYjczMC1lY2FhLTExZTYtOGY4OC0zNDM2M2JjN2M0YzAiOnsiY3JlYXRlIjoxMjAwMDAwMDAwMDAwLCJkZWxldGUiOjEyMDAwMDAwMDAwMDAsInVwZGF0ZSI6MTIwMDAwMDAwMDAwMH19",
          "dependencies": [
            "module.network.oci_core_vcn.main"
          ]
        }
      ]
    },
    {
      "module": "module.network",
      "mode": "managed",
      "type": "oci_core_route_table",
      "name": "private",
      "provider": "provider[\"registry.terraform.io/hashicorp/oci\"]",
      "instances": [
        {
          "schema_version": 0,
          "attributes": {
            "compartment_id": "ocid1.tenancy.oc1..aaaaaaaa2j7k7at33otjvl2f4tbbibikvo4f2imctcswp2dwyb5zmrxmw5yq",
            "defined_tags": {
              "Oracle-Tags.CreatedBy": "default/hxeep11@gmail.com",
              "Oracle-Tags.CreatedOn": "2026-04-06T00:56:18.164Z"
            },
            "display_name": "oke-rt-private",
            "freeform_tags": {
              "environment": "dev",
              "managed_by": "terraform",
              "project": "oke"
            },
            "id": "ocid1.routetable.oc1.ap-chuncheon-1.aaaaaaaa2n77ofqvylnr5ixdqjpt4fbohzvkcxqesufgjdo44e2pjrvqefta",
            "route_rules": [
              {
                "cidr_block": "",
                "description": "",
                "destination": "0.0.0.0/0",
                "destination_type": "CIDR_BLOCK",
                "network_entity_id": "ocid1.natgateway.oc1.ap-chuncheon-1.aaaaaaaa6jlosz4earryxys5cc654dn3fs7vzfthac3w6prvzfv6qv6ixm3q",
                "route_type": "STATIC"
              },
              {
                "cidr_block": "",
                "description": "",
                "destination": "all-yny-services-in-oracle-services-network",
                "destination_type": "SERVICE_CIDR_BLOCK",
                "network_entity_id": "ocid1.servicegateway.oc1.ap-chuncheon-1.aaaaaaaa665cd73ehaaa6y5e3arjihk7h3lzzjyf3wuxrje22h4xh5bc2ira",
                "route_type": "STATIC"
              }
            ],
            "state": "AVAILABLE",
            "time_created": "2026-04-06 00:56:18.2 +0000 UTC",
            "timeouts": null,
            "vcn_id": "ocid1.vcn.oc1.ap-chuncheon-1.amaaaaaaaulogtya3x7sygdt3rsui7ujk4lg2dyteorg22ezdnd6zmg5vrbq"
          },
          "sensitive_attributes": [],
          "identity_schema_version": 0,
          "private": "eyJlMmJmYjczMC1lY2FhLTExZTYtOGY4OC0zNDM2M2JjN2M0YzAiOnsiY3JlYXRlIjoxMjAwMDAwMDAwMDAwLCJkZWxldGUiOjEyMDAwMDAwMDAwMDAsInVwZGF0ZSI6MTIwMDAwMDAwMDAwMH19",
          "dependencies": [
            "module.network.data.oci_core_services.all",
            "module.network.oci_core_nat_gateway.main",
            "module.network.oci_core_service_gateway.main",
            "module.network.oci_core_vcn.main"
          ]
        }
      ]
    },
    {
      "module": "module.network",
      "mode": "managed",
      "type": "oci_core_route_table",
      "name": "public",
      "provider": "provider[\"registry.terraform.io/hashicorp/oci\"]",
      "instances": [
        {
          "schema_version": 0,
          "attributes": {
            "compartment_id": "ocid1.tenancy.oc1..aaaaaaaa2j7k7at33otjvl2f4tbbibikvo4f2imctcswp2dwyb5zmrxmw5yq",
            "defined_tags": {
              "Oracle-Tags.CreatedBy": "default/hxeep11@gmail.com",
              "Oracle-Tags.CreatedOn": "2026-04-06T00:56:17.554Z"
            },
            "display_name": "oke-rt-public",
            "freeform_tags": {
              "environment": "dev",
              "managed_by": "terraform",
              "project": "oke"
            },
            "id": "ocid1.routetable.oc1.ap-chuncheon-1.aaaaaaaaepgzkfrrieo2pluwgwfleotx6nnhh4wnnbe4wzdhculgnzvusx4a",
            "route_rules": [
              {
                "cidr_block": "",
                "description": "",
                "destination": "0.0.0.0/0",
                "destination_type": "CIDR_BLOCK",
                "network_entity_id": "ocid1.internetgateway.oc1.ap-chuncheon-1.aaaaaaaacava3rcwbkg3qmogh7uu7omuvkvz6e66o2rawqzvzw2zgspgivma",
                "route_type": "STATIC"
              }
            ],
            "state": "AVAILABLE",
            "time_created": "2026-04-06 00:56:17.575 +0000 UTC",
            "timeouts": null,
            "vcn_id": "ocid1.vcn.oc1.ap-chuncheon-1.amaaaaaaaulogtya3x7sygdt3rsui7ujk4lg2dyteorg22ezdnd6zmg5vrbq"
          },
          "sensitive_attributes": [],
          "identity_schema_version": 0,
          "private": "eyJlMmJmYjczMC1lY2FhLTExZTYtOGY4OC0zNDM2M2JjN2M0YzAiOnsiY3JlYXRlIjoxMjAwMDAwMDAwMDAwLCJkZWxldGUiOjEyMDAwMDAwMDAwMDAsInVwZGF0ZSI6MTIwMDAwMDAwMDAwMH19",
          "dependencies": [
            "module.network.oci_core_internet_gateway.main",
            "module.network.oci_core_vcn.main"
          ]
        }
      ]
    },
    {
      "module": "module.network",
      "mode": "managed",
      "type": "oci_core_security_list",
      "name": "api",
      "provider": "provider[\"registry.terraform.io/hashicorp/oci\"]",
      "instances": [
        {
          "schema_version": 0,
          "attributes": {
            "compartment_id": "ocid1.tenancy.oc1..aaaaaaaa2j7k7at33otjvl2f4tbbibikvo4f2imctcswp2dwyb5zmrxmw5yq",
            "defined_tags": {
              "Oracle-Tags.CreatedBy": "default/hxeep11@gmail.com",
              "Oracle-Tags.CreatedOn": "2026-04-06T00:56:17.071Z"
            },
            "display_name": "oke-sl-api",
            "egress_security_rules": [
              {
                "description": "",
                "destination": "10.0.20.0/24",
                "destination_type": "CIDR_BLOCK",
                "icmp_options": [
                  {
                    "code": 4,
                    "type": 3
                  }
                ],
                "protocol": "1",
                "stateless": false,
                "tcp_options": [],
                "udp_options": []
              },
              {
                "description": "",
                "destination": "10.0.20.0/24",
                "destination_type": "CIDR_BLOCK",
                "icmp_options": [],
                "protocol": "6",
                "stateless": false,
                "tcp_options": [
                  {
                    "max": 10250,
                    "min": 10250,
                    "source_port_range": []
                  }
                ],
                "udp_options": []
              },
              {
                "description": "",
                "destination": "all-yny-services-in-oracle-services-network",
                "destination_type": "SERVICE_CIDR_BLOCK",
                "icmp_options": [],
                "protocol": "6",
                "stateless": false,
                "tcp_options": [
                  {
                    "max": 443,
                    "min": 443,
                    "source_port_range": []
                  }
                ],
                "udp_options": []
              }
            ],
            "freeform_tags": {
              "environment": "dev",
              "managed_by": "terraform",
              "project": "oke"
            },
            "id": "ocid1.securitylist.oc1.ap-chuncheon-1.aaaaaaaaumdjempywyxp5ezafays6as26ugaebsclpcgbikxvfsqyjsjmwua",
            "ingress_security_rules": [
              {
                "description": "",
                "icmp_options": [
                  {
                    "code": 4,
                    "type": 3
                  }
                ],
                "protocol": "1",
                "source": "10.0.20.0/24",
                "source_type": "CIDR_BLOCK",
                "stateless": false,
                "tcp_options": [],
                "udp_options": []
              },
              {
                "description": "",
                "icmp_options": [],
                "protocol": "6",
                "source": "0.0.0.0/0",
                "source_type": "CIDR_BLOCK",
                "stateless": false,
                "tcp_options": [
                  {
                    "max": 6443,
                    "min": 6443,
                    "source_port_range": []
                  }
                ],
                "udp_options": []
              },
              {
                "description": "",
                "icmp_options": [],
                "protocol": "6",
                "source": "10.0.0.0/8",
                "source_type": "CIDR_BLOCK",
                "stateless": false,
                "tcp_options": [
                  {
                    "max": 6443,
                    "min": 6443,
                    "source_port_range": []
                  }
                ],
                "udp_options": []
              },
              {
                "description": "",
                "icmp_options": [],
                "protocol": "6",
                "source": "10.0.20.0/24",
                "source_type": "CIDR_BLOCK",
                "stateless": false,
                "tcp_options": [
                  {
                    "max": 12250,
                    "min": 12250,
                    "source_port_range": []
                  }
                ],
                "udp_options": []
              },
              {
                "description": "",
                "icmp_options": [],
                "protocol": "6",
                "source": "10.0.20.0/24",
                "source_type": "CIDR_BLOCK",
                "stateless": false,
                "tcp_options": [
                  {
                    "max": 6443,
                    "min": 6443,
                    "source_port_range": []
                  }
                ],
                "udp_options": []
              }
            ],
            "state": "AVAILABLE",
            "time_created": "2026-04-06 00:56:17.133 +0000 UTC",
            "timeouts": null,
            "vcn_id": "ocid1.vcn.oc1.ap-chuncheon-1.amaaaaaaaulogtya3x7sygdt3rsui7ujk4lg2dyteorg22ezdnd6zmg5vrbq"
          },
          "sensitive_attributes": [],
          "identity_schema_version": 0,
          "private": "eyJlMmJmYjczMC1lY2FhLTExZTYtOGY4OC0zNDM2M2JjN2M0YzAiOnsiY3JlYXRlIjoxMjAwMDAwMDAwMDAwLCJkZWxldGUiOjEyMDAwMDAwMDAwMDAsInVwZGF0ZSI6MTIwMDAwMDAwMDAwMH19",
          "dependencies": [
            "module.network.data.oci_core_services.all",
            "module.network.oci_core_vcn.main"
          ]
        }
      ]
    },
    {
      "module": "module.network",
      "mode": "managed",
      "type": "oci_core_security_list",
      "name": "lb",
      "provider": "provider[\"registry.terraform.io/hashicorp/oci\"]",
      "instances": [
        {
          "schema_version": 0,
          "attributes": {
            "compartment_id": "ocid1.tenancy.oc1..aaaaaaaa2j7k7at33otjvl2f4tbbibikvo4f2imctcswp2dwyb5zmrxmw5yq",
            "defined_tags": {
              "Oracle-Tags.CreatedBy": "default/hxeep11@gmail.com",
              "Oracle-Tags.CreatedOn": "2026-04-06T00:56:17.070Z"
            },
            "display_name": "oke-sl-lb",
            "egress_security_rules": [
              {
                "description": "",
                "destination": "10.0.20.0/24",
                "destination_type": "CIDR_BLOCK",
                "icmp_options": [],
                "protocol": "6",
                "stateless": false,
                "tcp_options": [
                  {
                    "max": 10256,
                    "min": 10256,
                    "source_port_range": []
                  }
                ],
                "udp_options": []
              },
              {
                "description": "",
                "destination": "10.0.20.0/24",
                "destination_type": "CIDR_BLOCK",
                "icmp_options": [],
                "protocol": "6",
                "stateless": false,
                "tcp_options": [
                  {
                    "max": 32767,
                    "min": 30000,
                    "source_port_range": []
                  }
                ],
                "udp_options": []
              }
            ],
            "freeform_tags": {
              "environment": "dev",
              "managed_by": "terraform",
              "project": "oke"
            },
            "id": "ocid1.securitylist.oc1.ap-chuncheon-1.aaaaaaaa36abcjblcc43uhj655fuy5ndqpmhlwa5n67snykc2h3bzzsoqqaq",
            "ingress_security_rules": [
              {
                "description": "",
                "icmp_options": [],
                "protocol": "6",
                "source": "0.0.0.0/0",
                "source_type": "CIDR_BLOCK",
                "stateless": false,
                "tcp_options": [
                  {
                    "max": 443,
                    "min": 443,
                    "source_port_range": []
                  }
                ],
                "udp_options": []
              },
              {
                "description": "",
                "icmp_options": [],
                "protocol": "6",
                "source": "0.0.0.0/0",
                "source_type": "CIDR_BLOCK",
                "stateless": false,
                "tcp_options": [
                  {
                    "max": 80,
                    "min": 80,
                    "source_port_range": []
                  }
                ],
                "udp_options": []
              }
            ],
            "state": "AVAILABLE",
            "time_created": "2026-04-06 00:56:17.11 +0000 UTC",
            "timeouts": null,
            "vcn_id": "ocid1.vcn.oc1.ap-chuncheon-1.amaaaaaaaulogtya3x7sygdt3rsui7ujk4lg2dyteorg22ezdnd6zmg5vrbq"
          },
          "sensitive_attributes": [],
          "identity_schema_version": 0,
          "private": "eyJlMmJmYjczMC1lY2FhLTExZTYtOGY4OC0zNDM2M2JjN2M0YzAiOnsiY3JlYXRlIjoxMjAwMDAwMDAwMDAwLCJkZWxldGUiOjEyMDAwMDAwMDAwMDAsInVwZGF0ZSI6MTIwMDAwMDAwMDAwMH19",
          "dependencies": [
            "module.network.oci_core_vcn.main"
          ]
        }
      ]
    },
    {
      "module": "module.network",
      "mode": "managed",
      "type": "oci_core_security_list",
      "name": "workers",
      "provider": "provider[\"registry.terraform.io/hashicorp/oci\"]",
      "instances": [
        {
          "schema_version": 0,
          "attributes": {
            "compartment_id": "ocid1.tenancy.oc1..aaaaaaaa2j7k7at33otjvl2f4tbbibikvo4f2imctcswp2dwyb5zmrxmw5yq",
            "defined_tags": {
              "Oracle-Tags.CreatedBy": "default/hxeep11@gmail.com",
              "Oracle-Tags.CreatedOn": "2026-04-06T00:56:17.071Z"
            },
            "display_name": "oke-sl-workers",
            "egress_security_rules": [
              {
                "description": "",
                "destination": "0.0.0.0/0",
                "destination_type": "CIDR_BLOCK",
                "icmp_options": [],
                "protocol": "6",
                "stateless": false,
                "tcp_options": [],
                "udp_options": []
              },
              {
                "description": "",
                "destination": "10.0.20.0/24",
                "destination_type": "CIDR_BLOCK",
                "icmp_options": [],
                "protocol": "all",
                "stateless": false,
                "tcp_options": [],
                "udp_options": []
              },
              {
                "description": "",
                "destination": "10.0.30.0/24",
                "destination_type": "CIDR_BLOCK",
                "icmp_options": [],
                "protocol": "6",
                "stateless": false,
                "tcp_options": [
                  {
                    "max": 12250,
                    "min": 12250,
                    "source_port_range": []
                  }
                ],
                "udp_options": []
              },
              {
                "description": "",
                "destination": "10.0.30.0/24",
                "destination_type": "CIDR_BLOCK",
                "icmp_options": [],
                "protocol": "6",
                "stateless": false,
                "tcp_options": [
                  {
                    "max": 6443,
                    "min": 6443,
                    "source_port_range": []
                  }
                ],
                "udp_options": []
              },
              {
                "description": "",
                "destination": "158.101.80.134/32",
                "destination_type": "CIDR_BLOCK",
                "icmp_options": [],
                "protocol": "6",
                "stateless": false,
                "tcp_options": [
                  {
                    "max": 8080,
                    "min": 8080,
                    "source_port_range": []
                  }
                ],
                "udp_options": []
              },
              {
                "description": "",
                "destination": "all-yny-services-in-oracle-services-network",
                "destination_type": "SERVICE_CIDR_BLOCK",
                "icmp_options": [],
                "protocol": "6",
                "stateless": false,
                "tcp_options": [
                  {
                    "max": 443,
                    "min": 443,
                    "source_port_range": []
                  }
                ],
                "udp_options": []
              }
            ],
            "freeform_tags": {
              "environment": "dev",
              "managed_by": "terraform",
              "project": "oke"
            },
            "id": "ocid1.securitylist.oc1.ap-chuncheon-1.aaaaaaaaagw3go4zfkwr5ifa5kwgdpcwilw5accrhhmkzruystsq7lf5ttha",
            "ingress_security_rules": [
              {
                "description": "",
                "icmp_options": [
                  {
                    "code": 4,
                    "type": 3
                  }
                ],
                "protocol": "1",
                "source": "10.0.0.0/16",
                "source_type": "CIDR_BLOCK",
                "stateless": false,
                "tcp_options": [],
                "udp_options": []
              },
              {
                "description": "",
                "icmp_options": [],
                "protocol": "6",
                "source": "0.0.0.0/0",
                "source_type": "CIDR_BLOCK",
                "stateless": false,
                "tcp_options": [
                  {
                    "max": 22,
                    "min": 22,
                    "source_port_range": []
                  }
                ],
                "udp_options": []
              },
              {
                "description": "",
                "icmp_options": [],
                "protocol": "6",
                "source": "10.0.10.0/24",
                "source_type": "CIDR_BLOCK",
                "stateless": false,
                "tcp_options": [
                  {
                    "max": 10256,
                    "min": 10256,
                    "source_port_range": []
                  }
                ],
                "udp_options": []
              },
              {
                "description": "",
                "icmp_options": [],
                "protocol": "6",
                "source": "10.0.10.0/24",
                "source_type": "CIDR_BLOCK",
                "stateless": false,
                "tcp_options": [
                  {
                    "max": 32767,
                    "min": 30000,
                    "source_port_range": []
                  }
                ],
                "udp_options": []
              },
              {
                "description": "",
                "icmp_options": [],
                "protocol": "6",
                "source": "10.0.30.0/24",
                "source_type": "CIDR_BLOCK",
                "stateless": false,
                "tcp_options": [
                  {
                    "max": 10250,
                    "min": 10250,
                    "source_port_range": []
                  }
                ],
                "udp_options": []
              },
              {
                "description": "",
                "icmp_options": [],
                "protocol": "all",
                "source": "10.0.20.0/24",
                "source_type": "CIDR_BLOCK",
                "stateless": false,
                "tcp_options": [],
                "udp_options": []
              }
            ],
            "state": "AVAILABLE",
            "time_created": "2026-04-06 00:56:17.12 +0000 UTC",
            "timeouts": null,
            "vcn_id": "ocid1.vcn.oc1.ap-chuncheon-1.amaaaaaaaulogtya3x7sygdt3rsui7ujk4lg2dyteorg22ezdnd6zmg5vrbq"
          },
          "sensitive_attributes": [],
          "identity_schema_version": 0,
          "private": "eyJlMmJmYjczMC1lY2FhLTExZTYtOGY4OC0zNDM2M2JjN2M0YzAiOnsiY3JlYXRlIjoxMjAwMDAwMDAwMDAwLCJkZWxldGUiOjEyMDAwMDAwMDAwMDAsInVwZGF0ZSI6MTIwMDAwMDAwMDAwMH19",
          "dependencies": [
            "module.network.data.oci_core_services.all",
            "module.network.oci_core_vcn.main"
          ]
        }
      ]
    },
    {
      "module": "module.network",
      "mode": "managed",
      "type": "oci_core_service_gateway",
      "name": "main",
      "provider": "provider[\"registry.terraform.io/hashicorp/oci\"]",
      "instances": [
        {
          "schema_version": 0,
          "attributes": {
            "block_traffic": false,
            "compartment_id": "ocid1.tenancy.oc1..aaaaaaaa2j7k7at33otjvl2f4tbbibikvo4f2imctcswp2dwyb5zmrxmw5yq",
            "defined_tags": {
              "Oracle-Tags.CreatedBy": "default/hxeep11@gmail.com",
              "Oracle-Tags.CreatedOn": "2026-04-06T00:56:17.082Z"
            },
            "display_name": "oke-sgw",
            "freeform_tags": {
              "environment": "dev",
              "managed_by": "terraform",
              "project": "oke"
            },
            "id": "ocid1.servicegateway.oc1.ap-chuncheon-1.aaaaaaaa665cd73ehaaa6y5e3arjihk7h3lzzjyf3wuxrje22h4xh5bc2ira",
            "route_table_id": null,
            "services": [
              {
                "service_id": "ocid1.service.oc1.ap-chuncheon-1.aaaaaaaav26pw33pfolcobpj62iy6pq2xkkzeiizc2m64i2elbdj5mw4dnra",
                "service_name": "All YNY Services In Oracle Services Network"
              }
            ],
            "state": "AVAILABLE",
            "time_created": "2026-04-06 00:56:17.76 +0000 UTC",
            "timeouts": null,
            "vcn_id": "ocid1.vcn.oc1.ap-chuncheon-1.amaaaaaaaulogtya3x7sygdt3rsui7ujk4lg2dyteorg22ezdnd6zmg5vrbq"
          },
          "sensitive_attributes": [],
          "identity_schema_version": 0,
          "private": "eyJlMmJmYjczMC1lY2FhLTExZTYtOGY4OC0zNDM2M2JjN2M0YzAiOnsiY3JlYXRlIjoxMjAwMDAwMDAwMDAwLCJkZWxldGUiOjEyMDAwMDAwMDAwMDAsInVwZGF0ZSI6MTIwMDAwMDAwMDAwMH19",
          "dependencies": [
            "module.network.data.oci_core_services.all",
            "module.network.oci_core_vcn.main"
          ]
        }
      ]
    },
    {
      "module": "module.network",
      "mode": "managed",
      "type": "oci_core_subnet",
      "name": "api",
      "provider": "provider[\"registry.terraform.io/hashicorp/oci\"]",
      "instances": [
        {
          "schema_version": 0,
          "attributes": {
            "availability_domain": null,
            "cidr_block": "10.0.30.0/24",
            "compartment_id": "ocid1.tenancy.oc1..aaaaaaaa2j7k7at33otjvl2f4tbbibikvo4f2imctcswp2dwyb5zmrxmw5yq",
            "defined_tags": {
              "Oracle-Tags.CreatedBy": "default/hxeep11@gmail.com",
              "Oracle-Tags.CreatedOn": "2026-04-15T12:08:13.692Z"
            },
            "dhcp_options_id": "ocid1.dhcpoptions.oc1.ap-chuncheon-1.aaaaaaaavvqnsfcfdui46gbrxdjpyh2ft3sxojsl2yt5owcvzlgfuq6p23wq",
            "display_name": "oke-subnet-api",
            "dns_label": "apisubnet",
            "freeform_tags": {
              "environment": "dev",
              "managed_by": "terraform",
              "project": "oke"
            },
            "id": "ocid1.subnet.oc1.ap-chuncheon-1.aaaaaaaap47wqnmmryp3txjbbsr3afzj7f63utyhe3dl6wbg4u2ziymlttca",
            "ipv4cidr_blocks": [
              "10.0.30.0/24"
            ],
            "ipv6cidr_block": null,
            "ipv6cidr_blocks": [],
            "ipv6virtual_router_ip": null,
            "prohibit_internet_ingress": false,
            "prohibit_public_ip_on_vnic": false,
            "route_table_id": "ocid1.routetable.oc1.ap-chuncheon-1.aaaaaaaaepgzkfrrieo2pluwgwfleotx6nnhh4wnnbe4wzdhculgnzvusx4a",
            "security_list_ids": [
              "ocid1.securitylist.oc1.ap-chuncheon-1.aaaaaaaaumdjempywyxp5ezafays6as26ugaebsclpcgbikxvfsqyjsjmwua"
            ],
            "state": "AVAILABLE",
            "subnet_domain_name": "apisubnet.oke.oraclevcn.com",
            "time_created": "2026-04-15 12:08:13.751 +0000 UTC",
            "timeouts": null,
            "vcn_id": "ocid1.vcn.oc1.ap-chuncheon-1.amaaaaaaaulogtya3x7sygdt3rsui7ujk4lg2dyteorg22ezdnd6zmg5vrbq",
            "virtual_router_ip": "10.0.30.1",
            "virtual_router_mac": "00:00:17:2B:34:A5"
          },
          "sensitive_attributes": [],
          "identity_schema_version": 0,
          "private": "eyJlMmJmYjczMC1lY2FhLTExZTYtOGY4OC0zNDM2M2JjN2M0YzAiOnsiY3JlYXRlIjoxMjAwMDAwMDAwMDAwLCJkZWxldGUiOjEyMDAwMDAwMDAwMDAsInVwZGF0ZSI6MTIwMDAwMDAwMDAwMH19",
          "dependencies": [
            "module.network.data.oci_core_services.all",
            "module.network.oci_core_internet_gateway.main",
            "module.network.oci_core_route_table.public",
            "module.network.oci_core_security_list.api",
            "module.network.oci_core_vcn.main"
          ]
        }
      ]
    },
    {
      "module": "module.network",
      "mode": "managed",
      "type": "oci_core_subnet",
      "name": "lb",
      "provider": "provider[\"registry.terraform.io/hashicorp/oci\"]",
      "instances": [
        {
          "schema_version": 0,
          "attributes": {
            "availability_domain": null,
            "cidr_block": "10.0.10.0/24",
            "compartment_id": "ocid1.tenancy.oc1..aaaaaaaa2j7k7at33otjvl2f4tbbibikvo4f2imctcswp2dwyb5zmrxmw5yq",
            "defined_tags": {
              "Oracle-Tags.CreatedBy": "default/hxeep11@gmail.com",
              "Oracle-Tags.CreatedOn": "2026-04-15T12:08:13.710Z"
            },
            "dhcp_options_id": "ocid1.dhcpoptions.oc1.ap-chuncheon-1.aaaaaaaavvqnsfcfdui46gbrxdjpyh2ft3sxojsl2yt5owcvzlgfuq6p23wq",
            "display_name": "oke-subnet-lb",
            "dns_label": "lbsubnet",
            "freeform_tags": {
              "environment": "dev",
              "managed_by": "terraform",
              "project": "oke"
            },
            "id": "ocid1.subnet.oc1.ap-chuncheon-1.aaaaaaaargdtemzcns2ugvt3yem5ukdyrqd3dykjezwuf44i5te7l73sy6aa",
            "ipv4cidr_blocks": [
              "10.0.10.0/24"
            ],
            "ipv6cidr_block": null,
            "ipv6cidr_blocks": [],
            "ipv6virtual_router_ip": null,
            "prohibit_internet_ingress": false,
            "prohibit_public_ip_on_vnic": false,
            "route_table_id": "ocid1.routetable.oc1.ap-chuncheon-1.aaaaaaaaepgzkfrrieo2pluwgwfleotx6nnhh4wnnbe4wzdhculgnzvusx4a",
            "security_list_ids": [
              "ocid1.securitylist.oc1.ap-chuncheon-1.aaaaaaaa36abcjblcc43uhj655fuy5ndqpmhlwa5n67snykc2h3bzzsoqqaq"
            ],
            "state": "AVAILABLE",
            "subnet_domain_name": "lbsubnet.oke.oraclevcn.com",
            "time_created": "2026-04-15 12:08:14.064 +0000 UTC",
            "timeouts": null,
            "vcn_id": "ocid1.vcn.oc1.ap-chuncheon-1.amaaaaaaaulogtya3x7sygdt3rsui7ujk4lg2dyteorg22ezdnd6zmg5vrbq",
            "virtual_router_ip": "10.0.10.1",
            "virtual_router_mac": "00:00:17:2B:34:A5"
          },
          "sensitive_attributes": [],
          "identity_schema_version": 0,
          "private": "eyJlMmJmYjczMC1lY2FhLTExZTYtOGY4OC0zNDM2M2JjN2M0YzAiOnsiY3JlYXRlIjoxMjAwMDAwMDAwMDAwLCJkZWxldGUiOjEyMDAwMDAwMDAwMDAsInVwZGF0ZSI6MTIwMDAwMDAwMDAwMH19",
          "dependencies": [
            "module.network.oci_core_internet_gateway.main",
            "module.network.oci_core_route_table.public",
            "module.network.oci_core_security_list.lb",
            "module.network.oci_core_vcn.main"
          ]
        }
      ]
    },
    {
      "module": "module.network",
      "mode": "managed",
      "type": "oci_core_subnet",
      "name": "workers",
      "provider": "provider[\"registry.terraform.io/hashicorp/oci\"]",
      "instances": [
        {
          "schema_version": 0,
          "attributes": {
            "availability_domain": null,
            "cidr_block": "10.0.20.0/24",
            "compartment_id": "ocid1.tenancy.oc1..aaaaaaaa2j7k7at33otjvl2f4tbbibikvo4f2imctcswp2dwyb5zmrxmw5yq",
            "defined_tags": {
              "Oracle-Tags.CreatedBy": "default/hxeep11@gmail.com",
              "Oracle-Tags.CreatedOn": "2026-04-15T13:01:04.044Z"
            },
            "dhcp_options_id": "ocid1.dhcpoptions.oc1.ap-chuncheon-1.aaaaaaaavvqnsfcfdui46gbrxdjpyh2ft3sxojsl2yt5owcvzlgfuq6p23wq",
            "display_name": "oke-subnet-workers",
            "dns_label": "workersnet",
            "freeform_tags": {
              "environment": "dev",
              "managed_by": "terraform",
              "project": "oke"
            },
            "id": "ocid1.subnet.oc1.ap-chuncheon-1.aaaaaaaaarmeonxnjkw6tu52ab64emnmffionoieer62uior62vblosyttfa",
            "ipv4cidr_blocks": [
              "10.0.20.0/24"
            ],
            "ipv6cidr_block": null,
            "ipv6cidr_blocks": [],
            "ipv6virtual_router_ip": null,
            "prohibit_internet_ingress": false,
            "prohibit_public_ip_on_vnic": false,
            "route_table_id": "ocid1.routetable.oc1.ap-chuncheon-1.aaaaaaaa2n77ofqvylnr5ixdqjpt4fbohzvkcxqesufgjdo44e2pjrvqefta",
            "security_list_ids": [
              "ocid1.securitylist.oc1.ap-chuncheon-1.aaaaaaaaagw3go4zfkwr5ifa5kwgdpcwilw5accrhhmkzruystsq7lf5ttha"
            ],
            "state": "AVAILABLE",
            "subnet_domain_name": "workersnet.oke.oraclevcn.com",
            "time_created": "2026-04-15 13:01:04.082 +0000 UTC",
            "timeouts": null,
            "vcn_id": "ocid1.vcn.oc1.ap-chuncheon-1.amaaaaaaaulogtya3x7sygdt3rsui7ujk4lg2dyteorg22ezdnd6zmg5vrbq",
            "virtual_router_ip": "10.0.20.1",
            "virtual_router_mac": "00:00:17:2B:34:A5"
          },
          "sensitive_attributes": [],
          "identity_schema_version": 0,
          "private": "eyJlMmJmYjczMC1lY2FhLTExZTYtOGY4OC0zNDM2M2JjN2M0YzAiOnsiY3JlYXRlIjoxMjAwMDAwMDAwMDAwLCJkZWxldGUiOjEyMDAwMDAwMDAwMDAsInVwZGF0ZSI6MTIwMDAwMDAwMDAwMH19",
          "dependencies": [
            "module.network.data.oci_core_services.all",
            "module.network.oci_core_nat_gateway.main",
            "module.network.oci_core_route_table.private",
            "module.network.oci_core_security_list.workers",
            "module.network.oci_core_service_gateway.main",
            "module.network.oci_core_vcn.main"
          ]
        }
      ]
    },
    {
      "module": "module.network",
      "mode": "managed",
      "type": "oci_core_vcn",
      "name": "main",
      "provider": "provider[\"registry.terraform.io/hashicorp/oci\"]",
      "instances": [
        {
          "schema_version": 0,
          "attributes": {
            "byoipv6cidr_blocks": [],
            "byoipv6cidr_details": [],
            "cidr_block": "10.0.0.0/16",
            "cidr_blocks": [
              "10.0.0.0/16"
            ],
            "compartment_id": "ocid1.tenancy.oc1..aaaaaaaa2j7k7at33otjvl2f4tbbibikvo4f2imctcswp2dwyb5zmrxmw5yq",
            "default_dhcp_options_id": "ocid1.dhcpoptions.oc1.ap-chuncheon-1.aaaaaaaavvqnsfcfdui46gbrxdjpyh2ft3sxojsl2yt5owcvzlgfuq6p23wq",
            "default_route_table_id": "ocid1.routetable.oc1.ap-chuncheon-1.aaaaaaaa7ok42wds2ratxha2vp2qwovh6chyk244lsp5nct7aq4nujwbxuta",
            "default_security_list_id": "ocid1.securitylist.oc1.ap-chuncheon-1.aaaaaaaatuzwaxt56a6v7dkf6hriv6eoo4tmmq2v5nhilpj3k2i3rb7q27la",
            "defined_tags": {
              "Oracle-Tags.CreatedBy": "default/hxeep11@gmail.com",
              "Oracle-Tags.CreatedOn": "2026-04-06T00:56:16.433Z"
            },
            "display_name": "oke-vcn",
            "dns_label": "oke",
            "freeform_tags": {
              "environment": "dev",
              "managed_by": "terraform",
              "project": "oke"
            },
            "id": "ocid1.vcn.oc1.ap-chuncheon-1.amaaaaaaaulogtya3x7sygdt3rsui7ujk4lg2dyteorg22ezdnd6zmg5vrbq",
            "ipv6cidr_blocks": [],
            "ipv6private_cidr_blocks": [],
            "is_ipv6enabled": false,
            "is_oracle_gua_allocation_enabled": null,
            "security_attributes": {},
            "state": "AVAILABLE",
            "time_created": "2026-04-06 00:56:16.509 +0000 UTC",
            "timeouts": null,
            "vcn_domain_name": "oke.oraclevcn.com"
          },
          "sensitive_attributes": [],
          "identity_schema_version": 0,
          "private": "eyJlMmJmYjczMC1lY2FhLTExZTYtOGY4OC0zNDM2M2JjN2M0YzAiOnsiY3JlYXRlIjoxMjAwMDAwMDAwMDAwLCJkZWxldGUiOjEyMDAwMDAwMDAwMDAsInVwZGF0ZSI6MTIwMDAwMDAwMDAwMH19"
        }
      ]
    },
    {
      "module": "module.oke",
      "mode": "data",
      "type": "oci_containerengine_cluster_kube_config",
      "name": "kube_config",
      "provider": "provider[\"registry.terraform.io/oracle/oci\"]",
      "instances": [
        {
          "schema_version": 0,
          "attributes": {
            "cluster_id": "ocid1.cluster.oc1.ap-chuncheon-1.aaaaaaaaal2e3ugpseenn6yctimobsh7shafjqa3sli4mnyu6cn3bl7l4sbq",
            "content": "---\napiVersion: v1\nkind: \"\"\nclusters:\n- name: cluster-cn3bl7l4sbq\n  cluster:\n    server: https://134.185.115.13:6443\n    certificate-authority-data: LS0tLS1CRUdJTiBDRVJUSUZJQ0FURS0tLS0tCk1JSURpVENDQW5HZ0F3SUJBZ0lSQUo3dTh2S1JGcGxWKzhtOFZCR3lVb2d3RFFZSktvWklodmNOQVFFTEJRQXcKWGpFUE1BMEdBMVVFQXd3R1N6aHpJRU5CTVFzd0NRWURWUVFHRXdKVlV6RVBNQTBHQTFVRUJ3d0dRWFZ6ZEdsdQpNUTh3RFFZRFZRUUtEQVpQY21GamJHVXhEREFLQmdOVkJBc01BMDlqYVRFT01Bd0dBMVVFQ0F3RlZHVjRZWE13CkhoY05Nall3TkRFMU1USXdPREk0V2hjTk16RXdOREUxTVRJd09ESTRXakJlTVE4d0RRWURWUVFEREFaTE9ITWcKUTBFeEN6QUpCZ05WQkFZVEFsVlRNUTh3RFFZRFZRUUhEQVpCZFhOMGFXNHhEekFOQmdOVkJBb01Cazl5WVdOcwpaVEVNTUFvR0ExVUVDd3dEVDJOcE1RNHdEQVlEVlFRSURBVlVaWGhoY3pDQ0FTSXdEUVlKS29aSWh2Y05BUUVCCkJRQURnZ0VQQURDQ0FRb0NnZ0VCQU1RZm9aTEVYcXdGaFFPSkdjaGFTd1llaEJENkNzYklZVXd4ZmtrZWNlOWQKVEswb0c2RXFBRHExdXNvMU9Jdk1pNFhlclZCUTRneGcyaS95ZFRTRFQ5OHQzYk5CdEI0YWFwSm5kMjE4ODNNVApRdm0zL3NpK0VLQWIwNzlsSkVWTDBlMC9wYmR2ako1aWEvaG5iTEVWWFptTnNzZmtKamZvRTk2OUJBdThQekNLCmVieEZoZ2ZZRkx5OXJ6UnJ5bXQ4YUtUaEpXb21DdERWNFV1azNLMVpzTHR5aXNSeFFEYlA5VTVMOXZJeWNJWk0KeEx2K1JSSzR3eDl0d3dtM2ZsSU9jTXk4L0orWlBmT3BEbk5IYTlmNkswNmVpK0FHZXlEMHpmTzJRODhtTG1neApHR0ZYZnVtTEYrWjN4RktSbXoyYWNEUnlJQnRpV3VhTlQ4bzVYK1pMc3hFQ0F3RUFBYU5DTUVBd0R3WURWUjBUCkFRSC9CQVV3QXdFQi96QU9CZ05WSFE4QkFmOEVCQU1DQVFZd0hRWURWUjBPQkJZRUZHdlhaeEd4RFVHM2tMYlcKZ1hmOUxTWktOQXQ0TUEwR0NTcUdTSWIzRFFFQkN3VUFBNElCQVFCbjhYUVRVSWExcWZKbkFocHBleTdvaCs2bgptdmlHY2hraUhUdWZxY1F5WElicmJEUmIrNEdpQ3N4dW41UEdtMDJqamt5Tmp1b01WeEw4dWdUWjhENElsTGdWCkhwV0FsYzFVaThrYkFZTXJOdFNJRFVMVERPaXErRnUxY2xkYVVIQ1l3ZzVrbFVBQkRDMEM0NGUzRUdOUlVEbVYKdlJWaXBZVXIrdC9MT0UyMjNMbk52QkZlUU9tS001anh6cTluNndOSjAxanRVamtka2kvR0JCRndiOXJUemFXMgpGY2E5SEd2VXpTWHdPV2d6L3VyWmo1VnE0YjBLVTdJUE9jY0xHTlJPTVZEWmZnemRISHYzU0VZa01jRWVocHBhCkdHUE9aak5yaXhvU3F4TXJ6UmR2UjZNQW1oeTdTc21jOWUrOVR3VktXeWFHOTNHTTZndVYvcGliazNWYgotLS0tLUVORCBDRVJUSUZJQ0FURS0tLS0tCg==\nusers:\n- name: user-cn3bl7l4sbq\n  user:\n    exec:\n      apiVersion: client.authentication.k8s.io/v1beta1\n      command: oci\n      args:\n      - ce\n      - cluster\n      - generate-token\n      - --cluster-id\n      - ocid1.cluster.oc1.ap-chuncheon-1.aaaaaaaaal2e3ugpseenn6yctimobsh7shafjqa3sli4mnyu6cn3bl7l4sbq\n      - --region\n      - ap-chuncheon-1\n      env: []\ncontexts:\n- name: context-cn3bl7l4sbq\n  context:\n    cluster: cluster-cn3bl7l4sbq\n    user: user-cn3bl7l4sbq\ncurrent-context: context-cn3bl7l4sbq\n",
            "endpoint": null,
            "expiration": null,
            "id": "ContainerengineClusterKubeConfigDataSource-2054231882",
            "token_version": null
          },
          "sensitive_attributes": [],
          "identity_schema_version": 0
        }
      ]
    },
    {
      "module": "module.oke",
      "mode": "data",
      "type": "oci_identity_availability_domains",
      "name": "ad",
      "provider": "provider[\"registry.terraform.io/oracle/oci\"]",
      "instances": [
        {
          "schema_version": 0,
          "attributes": {
            "availability_domains": [
              {
                "compartment_id": "ocid1.tenancy.oc1..aaaaaaaa2j7k7at33otjvl2f4tbbibikvo4f2imctcswp2dwyb5zmrxmw5yq",
                "id": "ocid1.availabilitydomain.oc1..aaaaaaaasfk7wlgczkk2vfsfl5sn5l5jb4ph4yzz3wdkyxl6bxt7w6kwm2ua",
                "name": "SfSR:AP-CHUNCHEON-1-AD-1"
              }
            ],
            "compartment_id": "ocid1.tenancy.oc1..aaaaaaaa2j7k7at33otjvl2f4tbbibikvo4f2imctcswp2dwyb5zmrxmw5yq",
            "filter": null,
            "id": "IdentityAvailabilityDomainsDataSource-98970720"
          },
          "sensitive_attributes": [],
          "identity_schema_version": 0
        }
      ]
    },
    {
      "module": "module.oke",
      "mode": "data",
      "type": "oci_identity_availability_domains",
      "name": "ads",
      "provider": "provider[\"registry.terraform.io/oracle/oci\"]",
      "instances": [
        {
          "schema_version": 0,
          "attributes": {
            "availability_domains": [
              {
                "compartment_id": "ocid1.tenancy.oc1..aaaaaaaa2j7k7at33otjvl2f4tbbibikvo4f2imctcswp2dwyb5zmrxmw5yq",
                "id": "ocid1.availabilitydomain.oc1..aaaaaaaasfk7wlgczkk2vfsfl5sn5l5jb4ph4yzz3wdkyxl6bxt7w6kwm2ua",
                "name": "SfSR:AP-CHUNCHEON-1-AD-1"
              }
            ],
            "compartment_id": "ocid1.tenancy.oc1..aaaaaaaa2j7k7at33otjvl2f4tbbibikvo4f2imctcswp2dwyb5zmrxmw5yq",
            "filter": null,
            "id": "IdentityAvailabilityDomainsDataSource-98970720"
          },
          "sensitive_attributes": [],
          "identity_schema_version": 0
        }
      ]
    },
    {
      "module": "module.oke",
      "mode": "managed",
      "type": "null_resource",
      "name": "kubeconfig",
      "provider": "provider[\"registry.terraform.io/hashicorp/null\"]",
      "instances": [
        {
          "schema_version": 0,
          "attributes": {
            "id": "1116764909294352484",
            "triggers": {
              "cluster_id": "ocid1.cluster.oc1.ap-chuncheon-1.aaaaaaaaal2e3ugpseenn6yctimobsh7shafjqa3sli4mnyu6cn3bl7l4sbq"
            }
          },
          "sensitive_attributes": [],
          "identity_schema_version": 0,
          "dependencies": [
            "module.network.data.oci_core_services.all",
            "module.network.oci_core_internet_gateway.main",
            "module.network.oci_core_nat_gateway.main",
            "module.network.oci_core_route_table.private",
            "module.network.oci_core_route_table.public",
            "module.network.oci_core_security_list.api",
            "module.network.oci_core_security_list.lb",
            "module.network.oci_core_security_list.workers",
            "module.network.oci_core_service_gateway.main",
            "module.network.oci_core_subnet.api",
            "module.network.oci_core_subnet.lb",
            "module.network.oci_core_subnet.workers",
            "module.network.oci_core_vcn.main",
            "module.oke.data.oci_identity_availability_domains.ads",
            "module.oke.oci_containerengine_cluster.main",
            "module.oke.oci_containerengine_node_pool.main",
            "module.oke.time_sleep.wait_for_nodes"
          ]
        }
      ]
    },
    {
      "module": "module.oke",
      "mode": "managed",
      "type": "oci_containerengine_cluster",
      "name": "main",
      "provider": "provider[\"registry.terraform.io/oracle/oci\"]",
      "instances": [
        {
          "schema_version": 0,
          "attributes": {
            "available_kubernetes_upgrades": [
              "v1.35.0"
            ],
            "cluster_pod_network_options": [
              {
                "cni_type": "OCI_VCN_IP_NATIVE"
              }
            ],
            "compartment_id": "ocid1.tenancy.oc1..aaaaaaaa2j7k7at33otjvl2f4tbbibikvo4f2imctcswp2dwyb5zmrxmw5yq",
            "defined_tags": {
              "Oracle-Tags.CreatedBy": "default/hxeep11@gmail.com",
              "Oracle-Tags.CreatedOn": "2026-04-15T12:08:18.500Z"
            },
            "endpoint_config": [
              {
                "is_public_ip_enabled": true,
                "nsg_ids": [],
                "subnet_id": "ocid1.subnet.oc1.ap-chuncheon-1.aaaaaaaap47wqnmmryp3txjbbsr3afzj7f63utyhe3dl6wbg4u2ziymlttca"
              }
            ],
            "endpoints": [
              {
                "ipv6endpoint": "",
                "kubernetes": "",
                "private_endpoint": "10.0.30.148:6443",
                "public_endpoint": "134.185.115.13:6443",
                "vcn_hostname_endpoint": "cn3bl7l4sbq.apisubnet.oke.oraclevcn.com:6443"
              }
            ],
            "freeform_tags": {
              "environment": "dev",
              "managed_by": "terraform",
              "project": "oke"
            },
            "id": "ocid1.cluster.oc1.ap-chuncheon-1.aaaaaaaaal2e3ugpseenn6yctimobsh7shafjqa3sli4mnyu6cn3bl7l4sbq",
            "image_policy_config": [
              {
                "is_policy_enabled": false,
                "key_details": []
              }
            ],
            "kms_key_id": null,
            "kubernetes_version": "v1.34.2",
            "lifecycle_details": null,
            "metadata": [
              {
                "created_by_user_id": "ocid1.user.oc1..aaaaaaaatfun3ovfk5thriycsddg355q73ro3mwpe52ejymvlhbicpnm6daa",
                "created_by_work_request_id": "ocid1.clustersworkrequest.oc1.ap-chuncheon-1.aaaaaaaaer3bfjezaz7ey77g2lrfleoywkoi5bkb62rrtzvz2w33d2qk4h7q",
                "deleted_by_user_id": "",
                "deleted_by_work_request_id": "",
                "time_created": "2026-04-15 12:08:19 +0000 UTC",
                "time_credential_expiration": "2031-04-15 12:08:50 +0000 UTC",
                "time_deleted": "",
                "time_updated": "",
                "updated_by_user_id": "",
                "updated_by_work_request_id": ""
              }
            ],
            "name": "oke-cluster",
            "open_id_connect_discovery_endpoint": null,
            "open_id_connect_discovery_key": "91e71439-3583-46f8-ac66-9b7447ceeacc",
            "options": [
              {
                "add_ons": [
                  {
                    "is_kubernetes_dashboard_enabled": false,
                    "is_tiller_enabled": false
                  }
                ],
                "admission_controller_options": [
                  {
                    "is_pod_security_policy_enabled": false
                  }
                ],
                "ip_families": [
                  "IPv4"
                ],
                "kubernetes_network_config": [
                  {
                    "pods_cidr": "10.244.0.0/16",
                    "services_cidr": "10.96.0.0/16"
                  }
                ],
                "open_id_connect_discovery": [],
                "open_id_connect_token_authentication_config": [],
                "persistent_volume_config": [
                  {
                    "defined_tags": {},
                    "freeform_tags": {}
                  }
                ],
                "service_lb_config": [
                  {
                    "backend_nsg_ids": [],
                    "defined_tags": {},
                    "freeform_tags": {}
                  }
                ],
                "service_lb_subnet_ids": [
                  "ocid1.subnet.oc1.ap-chuncheon-1.aaaaaaaargdtemzcns2ugvt3yem5ukdyrqd3dykjezwuf44i5te7l73sy6aa"
                ]
              }
            ],
            "state": "ACTIVE",
            "timeouts": null,
            "type": "ENHANCED_CLUSTER",
            "vcn_id": "ocid1.vcn.oc1.ap-chuncheon-1.amaaaaaaaulogtya3x7sygdt3rsui7ujk4lg2dyteorg22ezdnd6zmg5vrbq"
          },
          "sensitive_attributes": [],
          "identity_schema_version": 0,
          "private": "eyJlMmJmYjczMC1lY2FhLTExZTYtOGY4OC0zNDM2M2JjN2M0YzAiOnsiY3JlYXRlIjozNjAwMDAwMDAwMDAwLCJkZWxldGUiOjM2MDAwMDAwMDAwMDAsInVwZGF0ZSI6MzYwMDAwMDAwMDAwMH19",
          "dependencies": [
            "module.network.data.oci_core_services.all",
            "module.network.oci_core_internet_gateway.main",
            "module.network.oci_core_nat_gateway.main",
            "module.network.oci_core_route_table.private",
            "module.network.oci_core_route_table.public",
            "module.network.oci_core_security_list.api",
            "module.network.oci_core_security_list.lb",
            "module.network.oci_core_security_list.workers",
            "module.network.oci_core_service_gateway.main",
            "module.network.oci_core_subnet.api",
            "module.network.oci_core_subnet.lb",
            "module.network.oci_core_subnet.workers",
            "module.network.oci_core_vcn.main"
          ]
        }
      ]
    },
    {
      "module": "module.oke",
      "mode": "managed",
      "type": "oci_containerengine_node_pool",
      "name": "main",
      "provider": "provider[\"registry.terraform.io/oracle/oci\"]",
      "instances": [
        {
          "schema_version": 0,
          "attributes": {
            "cluster_id": "ocid1.cluster.oc1.ap-chuncheon-1.aaaaaaaaal2e3ugpseenn6yctimobsh7shafjqa3sli4mnyu6cn3bl7l4sbq",
            "compartment_id": "ocid1.tenancy.oc1..aaaaaaaa2j7k7at33otjvl2f4tbbibikvo4f2imctcswp2dwyb5zmrxmw5yq",
            "defined_tags": {
              "Oracle-Tags.CreatedBy": "default/hxeep11@gmail.com",
              "Oracle-Tags.CreatedOn": "2026-04-15T13:01:06.483Z"
            },
            "freeform_tags": {
              "environment": "dev",
              "managed_by": "terraform",
              "project": "oke"
            },
            "id": "ocid1.nodepool.oc1.ap-chuncheon-1.aaaaaaaakj64eapj2gt3aaxjstzxaxb33eyd7iqldpirg2j4znelwwmyrmaq",
            "initial_node_labels": [],
            "kubernetes_version": "v1.34.2",
            "lifecycle_details": null,
            "name": "oke-nodepool",
            "network_launch_type": "",
            "node_config_details": [
              {
                "defined_tags": {},
                "freeform_tags": {
                  "environment": "dev",
                  "managed_by": "terraform",
                  "project": "oke"
                },
                "is_pv_encryption_in_transit_enabled": false,
                "kms_key_id": "",
                "node_pool_pod_network_option_details": [
                  {
                    "cni_type": "OCI_VCN_IP_NATIVE",
                    "max_pods_per_node": 31,
                    "pod_nsg_ids": [],
                    "pod_subnet_ids": [
                      "ocid1.subnet.oc1.ap-chuncheon-1.aaaaaaaaarmeonxnjkw6tu52ab64emnmffionoieer62uior62vblosyttfa"
                    ]
                  }
                ],
                "nsg_ids": [],
                "placement_configs": [
                  {
                    "availability_domain": "SfSR:AP-CHUNCHEON-1-AD-1",
                    "capacity_reservation_id": "",
                    "fault_domains": [],
                    "preemptible_node_config": [],
                    "subnet_id": "ocid1.subnet.oc1.ap-chuncheon-1.aaaaaaaaarmeonxnjkw6tu52ab64emnmffionoieer62uior62vblosyttfa"
                  }
                ],
                "size": 2
              }
            ],
            "node_eviction_node_pool_settings": [],
            "node_image_id": "ocid1.image.oc1.ap-chuncheon-1.aaaaaaaa2l7pz4p2qmxnrpjuxyram6jypwmh2eeekskr7ou2crcbdrbyl2gq",
            "node_image_name": "Oracle-Linux-8.10-aarch64-2026.01.29-0-OKE-1.34.2-1367",
            "node_metadata": {},
            "node_pool_cycling_details": [],
            "node_shape": "VM.Standard.A1.Flex",
            "node_shape_config": [
              {
                "memory_in_gbs": 12,
                "ocpus": 2
              }
            ],
            "node_source": [
              {
                "image_id": "ocid1.image.oc1.ap-chuncheon-1.aaaaaaaa2l7pz4p2qmxnrpjuxyram6jypwmh2eeekskr7ou2crcbdrbyl2gq",
                "source_name": "Oracle-Linux-8.10-aarch64-2026.01.29-0-OKE-1.34.2-1367",
                "source_type": "IMAGE"
              }
            ],
            "node_source_details": [
              {
                "boot_volume_size_in_gbs": "50",
                "image_id": "ocid1.image.oc1.ap-chuncheon-1.aaaaaaaa2l7pz4p2qmxnrpjuxyram6jypwmh2eeekskr7ou2crcbdrbyl2gq",
                "source_type": "IMAGE"
              }
            ],
            "nodes": [
              {
                "availability_domain": "SfSR:AP-CHUNCHEON-1-AD-1",
                "defined_tags": {},
                "error": [],
                "fault_domain": "FAULT-DOMAIN-1",
                "freeform_tags": {},
                "id": "ocid1.instance.oc1.ap-chuncheon-1.an4w4ljraulogtyck5fwoem2kfl3pai7y5fcui4jny4tqur7jp3bpgzmdstq",
                "kubernetes_version": "v1.34.2",
                "lifecycle_details": "",
                "name": "oke-cn3bl7l4sbq-nelwwmyrmaq-svblosyttfa-0",
                "node_pool_id": "ocid1.nodepool.oc1.ap-chuncheon-1.aaaaaaaakj64eapj2gt3aaxjstzxaxb33eyd7iqldpirg2j4znelwwmyrmaq",
                "private_ip": "10.0.20.67",
                "public_ip": "140.245.77.113",
                "state": "ACTIVE",
                "subnet_id": "ocid1.subnet.oc1.ap-chuncheon-1.aaaaaaaaarmeonxnjkw6tu52ab64emnmffionoieer62uior62vblosyttfa"
              },
              {
                "availability_domain": "SfSR:AP-CHUNCHEON-1-AD-1",
                "defined_tags": {},
                "error": [],
                "fault_domain": "FAULT-DOMAIN-2",
                "freeform_tags": {},
                "id": "ocid1.instance.oc1.ap-chuncheon-1.an4w4ljraulogtychmcpv5rkz5iwdcqsnxmkb3noyycz4ulforhafwdsqr2a",
                "kubernetes_version": "v1.34.2",
                "lifecycle_details": "",
                "name": "oke-cn3bl7l4sbq-nelwwmyrmaq-svblosyttfa-1",
                "node_pool_id": "ocid1.nodepool.oc1.ap-chuncheon-1.aaaaaaaakj64eapj2gt3aaxjstzxaxb33eyd7iqldpirg2j4znelwwmyrmaq",
                "private_ip": "10.0.20.127",
                "public_ip": "158.179.170.253",
                "state": "ACTIVE",
                "subnet_id": "ocid1.subnet.oc1.ap-chuncheon-1.aaaaaaaaarmeonxnjkw6tu52ab64emnmffionoieer62uior62vblosyttfa"
              }
            ],
            "quantity_per_subnet": 0,
            "secondary_vnics": [],
            "ssh_public_key": null,
            "state": "ACTIVE",
            "subnet_ids": [
              "ocid1.subnet.oc1.ap-chuncheon-1.aaaaaaaaarmeonxnjkw6tu52ab64emnmffionoieer62uior62vblosyttfa"
            ],
            "timeouts": null
          },
          "sensitive_attributes": [],
          "identity_schema_version": 0,
          "private": "eyJlMmJmYjczMC1lY2FhLTExZTYtOGY4OC0zNDM2M2JjN2M0YzAiOnsiY3JlYXRlIjozMDAwMDAwMDAwMDAwLCJkZWxldGUiOjMwMDAwMDAwMDAwMDAsInVwZGF0ZSI6MzAwMDAwMDAwMDAwMH19",
          "dependencies": [
            "module.network.data.oci_core_services.all",
            "module.network.oci_core_internet_gateway.main",
            "module.network.oci_core_nat_gateway.main",
            "module.network.oci_core_route_table.private",
            "module.network.oci_core_route_table.public",
            "module.network.oci_core_security_list.api",
            "module.network.oci_core_security_list.lb",
            "module.network.oci_core_security_list.workers",
            "module.network.oci_core_service_gateway.main",
            "module.network.oci_core_subnet.api",
            "module.network.oci_core_subnet.lb",
            "module.network.oci_core_subnet.workers",
            "module.network.oci_core_vcn.main",
            "module.oke.data.oci_identity_availability_domains.ads",
            "module.oke.oci_containerengine_cluster.main"
          ]
        }
      ]
    },
    {
      "module": "module.oke",
      "mode": "managed",
      "type": "time_sleep",
      "name": "wait_for_nodes",
      "provider": "provider[\"registry.terraform.io/hashicorp/time\"]",
      "instances": [
        {
          "schema_version": 0,
          "attributes": {
            "create_duration": "120s",
            "destroy_duration": null,
            "id": "2026-04-15T13:07:21Z",
            "triggers": {
              "node_pool_id": "ocid1.nodepool.oc1.ap-chuncheon-1.aaaaaaaakj64eapj2gt3aaxjstzxaxb33eyd7iqldpirg2j4znelwwmyrmaq"
            }
          },
          "sensitive_attributes": [],
          "identity_schema_version": 0,
          "dependencies": [
            "module.network.data.oci_core_services.all",
            "module.network.oci_core_internet_gateway.main",
            "module.network.oci_core_nat_gateway.main",
            "module.network.oci_core_route_table.private",
            "module.network.oci_core_route_table.public",
            "module.network.oci_core_security_list.api",
            "module.network.oci_core_security_list.lb",
            "module.network.oci_core_security_list.workers",
            "module.network.oci_core_service_gateway.main",
            "module.network.oci_core_subnet.api",
            "module.network.oci_core_subnet.lb",
            "module.network.oci_core_subnet.workers",
            "module.network.oci_core_vcn.main",
            "module.oke.data.oci_identity_availability_domains.ads",
            "module.oke.oci_containerengine_cluster.main",
            "module.oke.oci_containerengine_node_pool.main"
          ]
        }
      ]
    }
  ],
  "check_results": null
}
